// !$*UTF8*$!
{
	archiveVersion = 1;
	classes = {
	};
	objectVersion = 60;
	objects = {

/* Begin PBXBuildFile section */
		EE344CCD2B003EDB007E45D3 /* SplashView.swift in Sources */ = {isa = PBXBuildFile; fileRef = EE344CCB2B003EDB007E45D3 /* SplashView.swift */; };
		EE344CCE2B003EDB007E45D3 /* SplashView.xib in Resources */ = {isa = PBXBuildFile; fileRef = EE344CCC2B003EDB007E45D3 /* SplashView.xib */; };
		EE5BE1662AFFB5F700CF26C9 /* AppDelegate.swift in Sources */ = {isa = PBXBuildFile; fileRef = EE5BE1652AFFB5F700CF26C9 /* AppDelegate.swift */; };
		EE5BE1682AFFB5F700CF26C9 /* SceneDelegate.swift in Sources */ = {isa = PBXBuildFile; fileRef = EE5BE1672AFFB5F700CF26C9 /* SceneDelegate.swift */; };
		EE5BE16F2AFFB5F700CF26C9 /* Assets.xcassets in Resources */ = {isa = PBXBuildFile; fileRef = EE5BE16E2AFFB5F700CF26C9 /* Assets.xcassets */; };
		EE5BE1722AFFB5F700CF26C9 /* LaunchScreen.storyboard in Resources */ = {isa = PBXBuildFile; fileRef = EE5BE1702AFFB5F700CF26C9 /* LaunchScreen.storyboard */; };
		EE5BE17D2AFFB5F800CF26C9 /* Doctor_AppointmentTests.swift in Sources */ = {isa = PBXBuildFile; fileRef = EE5BE17C2AFFB5F800CF26C9 /* Doctor_AppointmentTests.swift */; };
		EE5BE1872AFFB5F800CF26C9 /* Doctor_AppointmentUITests.swift in Sources */ = {isa = PBXBuildFile; fileRef = EE5BE1862AFFB5F800CF26C9 /* Doctor_AppointmentUITests.swift */; };
		EE5BE1892AFFB5F800CF26C9 /* Doctor_AppointmentUITestsLaunchTests.swift in Sources */ = {isa = PBXBuildFile; fileRef = EE5BE1882AFFB5F800CF26C9 /* Doctor_AppointmentUITestsLaunchTests.swift */; };
		EE5BE19D2AFFB9C900CF26C9 /* .swiftlint.yml in Resources */ = {isa = PBXBuildFile; fileRef = EE5BE19B2AFFB9C900CF26C9 /* .swiftlint.yml */; };
		EE5BE19E2AFFB9C900CF26C9 /* swiftgen.yml in Resources */ = {isa = PBXBuildFile; fileRef = EE5BE19C2AFFB9C900CF26C9 /* swiftgen.yml */; };
		EE5BE1A32AFFBA2000CF26C9 /* Strings+Generated.swift in Sources */ = {isa = PBXBuildFile; fileRef = EE5BE1A22AFFBA2000CF26C9 /* Strings+Generated.swift */; };
		EE5BE1AB2AFFBA3B00CF26C9 /* UIFont+Style.swift in Sources */ = {isa = PBXBuildFile; fileRef = EE5BE1A82AFFBA3B00CF26C9 /* UIFont+Style.swift */; };
		EE5BE1B12AFFBA7E00CF26C9 /* Colors.xcassets in Resources */ = {isa = PBXBuildFile; fileRef = EE5BE1B02AFFBA7E00CF26C9 /* Colors.xcassets */; };
		EE5BE1B62AFFBAF700CF26C9 /* Localizable.strings in Resources */ = {isa = PBXBuildFile; fileRef = EE5BE1B82AFFBAF700CF26C9 /* Localizable.strings */; };
		EE70AC692B02B208003B4DA3 /* LoginController.swift in Sources */ = {isa = PBXBuildFile; fileRef = EE70AC652B02B208003B4DA3 /* LoginController.swift */; };
		EE70AC6A2B02B208003B4DA3 /* LoginView.swift in Sources */ = {isa = PBXBuildFile; fileRef = EE70AC662B02B208003B4DA3 /* LoginView.swift */; };
		EE70AC6B2B02B208003B4DA3 /* LoginViewModel.swift in Sources */ = {isa = PBXBuildFile; fileRef = EE70AC672B02B208003B4DA3 /* LoginViewModel.swift */; };
		EE70AC6C2B02B208003B4DA3 /* LoginView.xib in Resources */ = {isa = PBXBuildFile; fileRef = EE70AC682B02B208003B4DA3 /* LoginView.xib */; };
		EE70AC782B02BCBC003B4DA3 /* LogoView.swift in Sources */ = {isa = PBXBuildFile; fileRef = EE70AC762B02BCBC003B4DA3 /* LogoView.swift */; };
		EE70AC792B02BCBC003B4DA3 /* LogoView.xib in Resources */ = {isa = PBXBuildFile; fileRef = EE70AC772B02BCBC003B4DA3 /* LogoView.xib */; };
		EE72E45A2B0342F700448367 /* SocialMediaButton.swift in Sources */ = {isa = PBXBuildFile; fileRef = EE72E4592B0342F700448367 /* SocialMediaButton.swift */; };
		EE72E45C2B03442100448367 /* GoogleButton.swift in Sources */ = {isa = PBXBuildFile; fileRef = EE72E45B2B03442100448367 /* GoogleButton.swift */; };
		EE72E45E2B0345A000448367 /* FacebookButton.swift in Sources */ = {isa = PBXBuildFile; fileRef = EE72E45D2B0345A000448367 /* FacebookButton.swift */; };
		EE72E4602B0360D600448367 /* MediumButton.swift in Sources */ = {isa = PBXBuildFile; fileRef = EE72E45F2B0360D600448367 /* MediumButton.swift */; };
		EE72E4622B0379A200448367 /* DoapNavigationController.swift in Sources */ = {isa = PBXBuildFile; fileRef = EE72E4612B0379A200448367 /* DoapNavigationController.swift */; };
		EE72E46A2B03897600448367 /* UINavigationItem+.swift in Sources */ = {isa = PBXBuildFile; fileRef = EE72E4692B03897600448367 /* UINavigationItem+.swift */; };
		EE812DF62B02CFBD007DB05F /* PrimaryTextField.swift in Sources */ = {isa = PBXBuildFile; fileRef = EE812DF42B02CFBD007DB05F /* PrimaryTextField.swift */; };
		EE893DDB2B028CD900913047 /* SignupController.swift in Sources */ = {isa = PBXBuildFile; fileRef = EE893DD72B028CD900913047 /* SignupController.swift */; };
		EE893DDC2B028CD900913047 /* SignupView.swift in Sources */ = {isa = PBXBuildFile; fileRef = EE893DD82B028CD900913047 /* SignupView.swift */; };
		EE893DDD2B028CD900913047 /* SignupViewModel.swift in Sources */ = {isa = PBXBuildFile; fileRef = EE893DD92B028CD900913047 /* SignupViewModel.swift */; };
		EE893DDE2B028CD900913047 /* SignupView.xib in Resources */ = {isa = PBXBuildFile; fileRef = EE893DDA2B028CD900913047 /* SignupView.xib */; };
		EE893DE52B0294A800913047 /* CreateProfileController.swift in Sources */ = {isa = PBXBuildFile; fileRef = EE893DE12B0294A800913047 /* CreateProfileController.swift */; };
		EE893DE62B0294A800913047 /* CreateProfileView.swift in Sources */ = {isa = PBXBuildFile; fileRef = EE893DE22B0294A800913047 /* CreateProfileView.swift */; };
		EE893DE72B0294A800913047 /* CreateProfileViewModel.swift in Sources */ = {isa = PBXBuildFile; fileRef = EE893DE32B0294A800913047 /* CreateProfileViewModel.swift */; };
		EE893DE82B0294A800913047 /* CreateProfileView.xib in Resources */ = {isa = PBXBuildFile; fileRef = EE893DE42B0294A800913047 /* CreateProfileView.xib */; };
		EE893DEA2B029F0C00913047 /* AppCoordinator.swift in Sources */ = {isa = PBXBuildFile; fileRef = EE893DE92B029F0C00913047 /* AppCoordinator.swift */; };
		EEC481BC2AFFEAA600EC52DF /* SplashController.swift in Sources */ = {isa = PBXBuildFile; fileRef = EEC481B82AFFEAA600EC52DF /* SplashController.swift */; };
		EEC481BD2AFFEAA600EC52DF /* SplashViewModel.swift in Sources */ = {isa = PBXBuildFile; fileRef = EEC481B92AFFEAA600EC52DF /* SplashViewModel.swift */; };
		EEC481C92AFFEB9D00EC52DF /* SmallLabel.swift in Sources */ = {isa = PBXBuildFile; fileRef = EEC481C32AFFEB9D00EC52DF /* SmallLabel.swift */; };
		EEC481CA2AFFEB9D00EC52DF /* H1Label.swift in Sources */ = {isa = PBXBuildFile; fileRef = EEC481C42AFFEB9D00EC52DF /* H1Label.swift */; };
		EEC481CB2AFFEB9D00EC52DF /* RegularLabel.swift in Sources */ = {isa = PBXBuildFile; fileRef = EEC481C52AFFEB9D00EC52DF /* RegularLabel.swift */; };
		EEC481CC2AFFEB9D00EC52DF /* MediumLabel.swift in Sources */ = {isa = PBXBuildFile; fileRef = EEC481C62AFFEB9D00EC52DF /* MediumLabel.swift */; };
		EEC481CD2AFFEB9D00EC52DF /* H2Label.swift in Sources */ = {isa = PBXBuildFile; fileRef = EEC481C72AFFEB9D00EC52DF /* H2Label.swift */; };
		EEC481CE2AFFEB9D00EC52DF /* H3Label.swift in Sources */ = {isa = PBXBuildFile; fileRef = EEC481C82AFFEB9D00EC52DF /* H3Label.swift */; };
		EEC481D12AFFEE6B00EC52DF /* PrimaryButton.swift in Sources */ = {isa = PBXBuildFile; fileRef = EEC481D02AFFEE6B00EC52DF /* PrimaryButton.swift */; };
		EEC481D42AFFEECF00EC52DF /* Extensions in Frameworks */ = {isa = PBXBuildFile; productRef = EEC481D32AFFEECF00EC52DF /* Extensions */; };
		EEC481D72AFFEEE000EC52DF /* MakeConstraints in Frameworks */ = {isa = PBXBuildFile; productRef = EEC481D62AFFEEE000EC52DF /* MakeConstraints */; };
		EEC481D92AFFF8F000EC52DF /* RegularButton.swift in Sources */ = {isa = PBXBuildFile; fileRef = EEC481D82AFFF8F000EC52DF /* RegularButton.swift */; };
		EEC481DE2AFFFB7200EC52DF /* SplashCollectionViewCell.swift in Sources */ = {isa = PBXBuildFile; fileRef = EEC481DB2AFFFB7200EC52DF /* SplashCollectionViewCell.swift */; };
		EEC481DF2AFFFB7200EC52DF /* SplashSection.swift in Sources */ = {isa = PBXBuildFile; fileRef = EEC481DC2AFFFB7200EC52DF /* SplashSection.swift */; };
		EEC481E02AFFFB7200EC52DF /* SplashCollectionViewCell.xib in Resources */ = {isa = PBXBuildFile; fileRef = EEC481DD2AFFFB7200EC52DF /* SplashCollectionViewCell.xib */; };
		EEC481E32AFFFBF000EC52DF /* CompositionalLayoutableSection in Frameworks */ = {isa = PBXBuildFile; productRef = EEC481E22AFFFBF000EC52DF /* CompositionalLayoutableSection */; };
		EEC481E52B000F8F00EC52DF /* SplashModel.swift in Sources */ = {isa = PBXBuildFile; fileRef = EEC481E42B000F8F00EC52DF /* SplashModel.swift */; };
		EEE96E092AFFD0ED008F20E4 /* Inter.ttf in Resources */ = {isa = PBXBuildFile; fileRef = EEE96E082AFFD0ED008F20E4 /* Inter.ttf */; };
		EEFD04822B013C4B00D303B7 /* FortgotPasswordController.swift in Sources */ = {isa = PBXBuildFile; fileRef = EEFD047E2B013C4B00D303B7 /* FortgotPasswordController.swift */; };
		EEFD04832B013C4B00D303B7 /* FortgotPasswordView.swift in Sources */ = {isa = PBXBuildFile; fileRef = EEFD047F2B013C4B00D303B7 /* FortgotPasswordView.swift */; };
		EEFD04842B013C4B00D303B7 /* FortgotPasswordViewModel.swift in Sources */ = {isa = PBXBuildFile; fileRef = EEFD04802B013C4B00D303B7 /* FortgotPasswordViewModel.swift */; };
		EEFD04852B013C4B00D303B7 /* FortgotPasswordView.xib in Resources */ = {isa = PBXBuildFile; fileRef = EEFD04812B013C4B00D303B7 /* FortgotPasswordView.xib */; };
		EEFD048B2B013C6C00D303B7 /* VerifyCodeController.swift in Sources */ = {isa = PBXBuildFile; fileRef = EEFD04872B013C6C00D303B7 /* VerifyCodeController.swift */; };
		EEFD048C2B013C6C00D303B7 /* VerifyCodeView.swift in Sources */ = {isa = PBXBuildFile; fileRef = EEFD04882B013C6C00D303B7 /* VerifyCodeView.swift */; };
		EEFD048D2B013C6C00D303B7 /* VerifyCodeViewModel.swift in Sources */ = {isa = PBXBuildFile; fileRef = EEFD04892B013C6C00D303B7 /* VerifyCodeViewModel.swift */; };
		EEFD048E2B013C6C00D303B7 /* VerifyCodeView.xib in Resources */ = {isa = PBXBuildFile; fileRef = EEFD048A2B013C6C00D303B7 /* VerifyCodeView.xib */; };
		EEFD04942B013C9400D303B7 /* NewPasswordController.swift in Sources */ = {isa = PBXBuildFile; fileRef = EEFD04902B013C9400D303B7 /* NewPasswordController.swift */; };
		EEFD04952B013C9400D303B7 /* NewPasswordView.swift in Sources */ = {isa = PBXBuildFile; fileRef = EEFD04912B013C9400D303B7 /* NewPasswordView.swift */; };
		EEFD04962B013C9400D303B7 /* NewPasswordViewModel.swift in Sources */ = {isa = PBXBuildFile; fileRef = EEFD04922B013C9400D303B7 /* NewPasswordViewModel.swift */; };
		EEFD04972B013C9400D303B7 /* NewPasswordView.xib in Resources */ = {isa = PBXBuildFile; fileRef = EEFD04932B013C9400D303B7 /* NewPasswordView.xib */; };
/* End PBXBuildFile section */

/* Begin PBXContainerItemProxy section */
		EE5BE1792AFFB5F800CF26C9 /* PBXContainerItemProxy */ = {
			isa = PBXContainerItemProxy;
			containerPortal = EE5BE15A2AFFB5F700CF26C9 /* Project object */;
			proxyType = 1;
			remoteGlobalIDString = EE5BE1612AFFB5F700CF26C9;
			remoteInfo = "Doctor-Appointment";
		};
		EE5BE1832AFFB5F800CF26C9 /* PBXContainerItemProxy */ = {
			isa = PBXContainerItemProxy;
			containerPortal = EE5BE15A2AFFB5F700CF26C9 /* Project object */;
			proxyType = 1;
			remoteGlobalIDString = EE5BE1612AFFB5F700CF26C9;
			remoteInfo = "Doctor-Appointment";
		};
/* End PBXContainerItemProxy section */

/* Begin PBXFileReference section */
		EE04B7872B03B26B00675E2E /* DoctorUITests.xctest */ = {isa = PBXFileReference; explicitFileType = wrapper.cfbundle; includeInIndex = 0; name = DoctorUITests.xctest; path = "/Users/ahmed-yamany/Desktop/Doctor-Appointment/build/Debug-iphoneos/DoctorUITests.xctest"; sourceTree = "<absolute>"; };
		EE344CCB2B003EDB007E45D3 /* SplashView.swift */ = {isa = PBXFileReference; lastKnownFileType = sourcecode.swift; path = SplashView.swift; sourceTree = "<group>"; };
		EE344CCC2B003EDB007E45D3 /* SplashView.xib */ = {isa = PBXFileReference; lastKnownFileType = file.xib; path = SplashView.xib; sourceTree = "<group>"; };
		EE5BE1622AFFB5F700CF26C9 /* Doctor-Appointment.app */ = {isa = PBXFileReference; explicitFileType = wrapper.application; includeInIndex = 0; name = "Doctor-Appointment.app"; path = "/Users/ahmed-yamany/Desktop/Doctor-Appointment/build/Debug-iphoneos/Doctor-Appointment.app"; sourceTree = "<absolute>"; };
		EE5BE1652AFFB5F700CF26C9 /* AppDelegate.swift */ = {isa = PBXFileReference; lastKnownFileType = sourcecode.swift; path = AppDelegate.swift; sourceTree = "<group>"; };
		EE5BE1672AFFB5F700CF26C9 /* SceneDelegate.swift */ = {isa = PBXFileReference; lastKnownFileType = sourcecode.swift; path = SceneDelegate.swift; sourceTree = "<group>"; };
		EE5BE16E2AFFB5F700CF26C9 /* Assets.xcassets */ = {isa = PBXFileReference; lastKnownFileType = folder.assetcatalog; path = Assets.xcassets; sourceTree = "<group>"; };
		EE5BE1712AFFB5F700CF26C9 /* Base */ = {isa = PBXFileReference; lastKnownFileType = file.storyboard; name = Base; path = Base.lproj/LaunchScreen.storyboard; sourceTree = "<group>"; };
		EE5BE1732AFFB5F700CF26C9 /* Info.plist */ = {isa = PBXFileReference; lastKnownFileType = text.plist.xml; path = Info.plist; sourceTree = "<group>"; };
		EE5BE1782AFFB5F800CF26C9 /* Doctor-AppointmentTests.xctest */ = {isa = PBXFileReference; explicitFileType = wrapper.cfbundle; includeInIndex = 0; name = "Doctor-AppointmentTests.xctest"; path = "/Users/ahmed-yamany/Desktop/Doctor-Appointment/build/Debug-iphoneos/Doctor-AppointmentTests.xctest"; sourceTree = "<absolute>"; };
		EE5BE17C2AFFB5F800CF26C9 /* Doctor_AppointmentTests.swift */ = {isa = PBXFileReference; lastKnownFileType = sourcecode.swift; path = Doctor_AppointmentTests.swift; sourceTree = "<group>"; };
		EE5BE1822AFFB5F800CF26C9 /* Doctor-AppointmentUITests.xctest */ = {isa = PBXFileReference; explicitFileType = wrapper.cfbundle; includeInIndex = 0; name = "Doctor-AppointmentUITests.xctest"; path = "/Users/ahmed-yamany/Desktop/Doctor-Appointment/build/Debug-iphoneos/Doctor-AppointmentUITests.xctest"; sourceTree = "<absolute>"; };
		EE5BE1862AFFB5F800CF26C9 /* Doctor_AppointmentUITests.swift */ = {isa = PBXFileReference; lastKnownFileType = sourcecode.swift; path = Doctor_AppointmentUITests.swift; sourceTree = "<group>"; };
		EE5BE1882AFFB5F800CF26C9 /* Doctor_AppointmentUITestsLaunchTests.swift */ = {isa = PBXFileReference; lastKnownFileType = sourcecode.swift; path = Doctor_AppointmentUITestsLaunchTests.swift; sourceTree = "<group>"; };
		EE5BE19B2AFFB9C900CF26C9 /* .swiftlint.yml */ = {isa = PBXFileReference; fileEncoding = 4; lastKnownFileType = text.yaml; path = .swiftlint.yml; sourceTree = "<group>"; };
		EE5BE19C2AFFB9C900CF26C9 /* swiftgen.yml */ = {isa = PBXFileReference; fileEncoding = 4; lastKnownFileType = text.yaml; path = swiftgen.yml; sourceTree = "<group>"; };
		EE5BE1A22AFFBA2000CF26C9 /* Strings+Generated.swift */ = {isa = PBXFileReference; fileEncoding = 4; lastKnownFileType = sourcecode.swift; path = "Strings+Generated.swift"; sourceTree = "<group>"; };
		EE5BE1A82AFFBA3B00CF26C9 /* UIFont+Style.swift */ = {isa = PBXFileReference; fileEncoding = 4; lastKnownFileType = sourcecode.swift; path = "UIFont+Style.swift"; sourceTree = "<group>"; };
		EE5BE1B02AFFBA7E00CF26C9 /* Colors.xcassets */ = {isa = PBXFileReference; lastKnownFileType = folder.assetcatalog; path = Colors.xcassets; sourceTree = "<group>"; };
		EE5BE1B72AFFBAF700CF26C9 /* en */ = {isa = PBXFileReference; lastKnownFileType = text.plist.strings; name = en; path = en.lproj/Localizable.strings; sourceTree = "<group>"; };
		EE5BE1B92AFFBAF800CF26C9 /* ar */ = {isa = PBXFileReference; lastKnownFileType = text.plist.strings; name = ar; path = ar.lproj/Localizable.strings; sourceTree = "<group>"; };
		EE70AC652B02B208003B4DA3 /* LoginController.swift */ = {isa = PBXFileReference; lastKnownFileType = sourcecode.swift; path = LoginController.swift; sourceTree = "<group>"; };
		EE70AC662B02B208003B4DA3 /* LoginView.swift */ = {isa = PBXFileReference; lastKnownFileType = sourcecode.swift; path = LoginView.swift; sourceTree = "<group>"; };
		EE70AC672B02B208003B4DA3 /* LoginViewModel.swift */ = {isa = PBXFileReference; lastKnownFileType = sourcecode.swift; path = LoginViewModel.swift; sourceTree = "<group>"; };
		EE70AC682B02B208003B4DA3 /* LoginView.xib */ = {isa = PBXFileReference; lastKnownFileType = file.xib; path = LoginView.xib; sourceTree = "<group>"; };
		EE70AC762B02BCBC003B4DA3 /* LogoView.swift */ = {isa = PBXFileReference; lastKnownFileType = sourcecode.swift; path = LogoView.swift; sourceTree = "<group>"; };
		EE70AC772B02BCBC003B4DA3 /* LogoView.xib */ = {isa = PBXFileReference; lastKnownFileType = file.xib; path = LogoView.xib; sourceTree = "<group>"; };
		EE72E4592B0342F700448367 /* SocialMediaButton.swift */ = {isa = PBXFileReference; lastKnownFileType = sourcecode.swift; path = SocialMediaButton.swift; sourceTree = "<group>"; };
		EE72E45B2B03442100448367 /* GoogleButton.swift */ = {isa = PBXFileReference; lastKnownFileType = sourcecode.swift; path = GoogleButton.swift; sourceTree = "<group>"; };
		EE72E45D2B0345A000448367 /* FacebookButton.swift */ = {isa = PBXFileReference; lastKnownFileType = sourcecode.swift; path = FacebookButton.swift; sourceTree = "<group>"; };
		EE72E45F2B0360D600448367 /* MediumButton.swift */ = {isa = PBXFileReference; lastKnownFileType = sourcecode.swift; path = MediumButton.swift; sourceTree = "<group>"; };
		EE72E4612B0379A200448367 /* DoapNavigationController.swift */ = {isa = PBXFileReference; lastKnownFileType = sourcecode.swift; path = DoapNavigationController.swift; sourceTree = "<group>"; };
		EE72E4692B03897600448367 /* UINavigationItem+.swift */ = {isa = PBXFileReference; lastKnownFileType = sourcecode.swift; path = "UINavigationItem+.swift"; sourceTree = "<group>"; };
		EE812DF42B02CFBD007DB05F /* PrimaryTextField.swift */ = {isa = PBXFileReference; lastKnownFileType = sourcecode.swift; path = PrimaryTextField.swift; sourceTree = "<group>"; };
		EE893DD72B028CD900913047 /* SignupController.swift */ = {isa = PBXFileReference; lastKnownFileType = sourcecode.swift; path = SignupController.swift; sourceTree = "<group>"; };
		EE893DD82B028CD900913047 /* SignupView.swift */ = {isa = PBXFileReference; lastKnownFileType = sourcecode.swift; path = SignupView.swift; sourceTree = "<group>"; };
		EE893DD92B028CD900913047 /* SignupViewModel.swift */ = {isa = PBXFileReference; lastKnownFileType = sourcecode.swift; path = SignupViewModel.swift; sourceTree = "<group>"; };
		EE893DDA2B028CD900913047 /* SignupView.xib */ = {isa = PBXFileReference; lastKnownFileType = file.xib; path = SignupView.xib; sourceTree = "<group>"; };
		EE893DE12B0294A800913047 /* CreateProfileController.swift */ = {isa = PBXFileReference; lastKnownFileType = sourcecode.swift; path = CreateProfileController.swift; sourceTree = "<group>"; };
		EE893DE22B0294A800913047 /* CreateProfileView.swift */ = {isa = PBXFileReference; lastKnownFileType = sourcecode.swift; path = CreateProfileView.swift; sourceTree = "<group>"; };
		EE893DE32B0294A800913047 /* CreateProfileViewModel.swift */ = {isa = PBXFileReference; lastKnownFileType = sourcecode.swift; path = CreateProfileViewModel.swift; sourceTree = "<group>"; };
		EE893DE42B0294A800913047 /* CreateProfileView.xib */ = {isa = PBXFileReference; lastKnownFileType = file.xib; path = CreateProfileView.xib; sourceTree = "<group>"; };
		EE893DE92B029F0C00913047 /* AppCoordinator.swift */ = {isa = PBXFileReference; lastKnownFileType = sourcecode.swift; path = AppCoordinator.swift; sourceTree = "<group>"; };
		EEC481B82AFFEAA600EC52DF /* SplashController.swift */ = {isa = PBXFileReference; lastKnownFileType = sourcecode.swift; path = SplashController.swift; sourceTree = "<group>"; };
		EEC481B92AFFEAA600EC52DF /* SplashViewModel.swift */ = {isa = PBXFileReference; lastKnownFileType = sourcecode.swift; path = SplashViewModel.swift; sourceTree = "<group>"; };
		EEC481C32AFFEB9D00EC52DF /* SmallLabel.swift */ = {isa = PBXFileReference; fileEncoding = 4; lastKnownFileType = sourcecode.swift; path = SmallLabel.swift; sourceTree = "<group>"; };
		EEC481C42AFFEB9D00EC52DF /* H1Label.swift */ = {isa = PBXFileReference; fileEncoding = 4; lastKnownFileType = sourcecode.swift; path = H1Label.swift; sourceTree = "<group>"; };
		EEC481C52AFFEB9D00EC52DF /* RegularLabel.swift */ = {isa = PBXFileReference; fileEncoding = 4; lastKnownFileType = sourcecode.swift; path = RegularLabel.swift; sourceTree = "<group>"; };
		EEC481C62AFFEB9D00EC52DF /* MediumLabel.swift */ = {isa = PBXFileReference; fileEncoding = 4; lastKnownFileType = sourcecode.swift; path = MediumLabel.swift; sourceTree = "<group>"; };
		EEC481C72AFFEB9D00EC52DF /* H2Label.swift */ = {isa = PBXFileReference; fileEncoding = 4; lastKnownFileType = sourcecode.swift; path = H2Label.swift; sourceTree = "<group>"; };
		EEC481C82AFFEB9D00EC52DF /* H3Label.swift */ = {isa = PBXFileReference; fileEncoding = 4; lastKnownFileType = sourcecode.swift; path = H3Label.swift; sourceTree = "<group>"; };
		EEC481D02AFFEE6B00EC52DF /* PrimaryButton.swift */ = {isa = PBXFileReference; lastKnownFileType = sourcecode.swift; path = PrimaryButton.swift; sourceTree = "<group>"; };
		EEC481D82AFFF8F000EC52DF /* RegularButton.swift */ = {isa = PBXFileReference; lastKnownFileType = sourcecode.swift; path = RegularButton.swift; sourceTree = "<group>"; };
		EEC481DB2AFFFB7200EC52DF /* SplashCollectionViewCell.swift */ = {isa = PBXFileReference; lastKnownFileType = sourcecode.swift; path = SplashCollectionViewCell.swift; sourceTree = "<group>"; };
		EEC481DC2AFFFB7200EC52DF /* SplashSection.swift */ = {isa = PBXFileReference; lastKnownFileType = sourcecode.swift; path = SplashSection.swift; sourceTree = "<group>"; };
		EEC481DD2AFFFB7200EC52DF /* SplashCollectionViewCell.xib */ = {isa = PBXFileReference; lastKnownFileType = file.xib; path = SplashCollectionViewCell.xib; sourceTree = "<group>"; };
		EEC481E42B000F8F00EC52DF /* SplashModel.swift */ = {isa = PBXFileReference; lastKnownFileType = sourcecode.swift; path = SplashModel.swift; sourceTree = "<group>"; };
		EEE96E082AFFD0ED008F20E4 /* Inter.ttf */ = {isa = PBXFileReference; lastKnownFileType = file; path = Inter.ttf; sourceTree = "<group>"; };
		EEFD047E2B013C4B00D303B7 /* FortgotPasswordController.swift */ = {isa = PBXFileReference; lastKnownFileType = sourcecode.swift; path = FortgotPasswordController.swift; sourceTree = "<group>"; };
		EEFD047F2B013C4B00D303B7 /* FortgotPasswordView.swift */ = {isa = PBXFileReference; lastKnownFileType = sourcecode.swift; path = FortgotPasswordView.swift; sourceTree = "<group>"; };
		EEFD04802B013C4B00D303B7 /* FortgotPasswordViewModel.swift */ = {isa = PBXFileReference; lastKnownFileType = sourcecode.swift; path = FortgotPasswordViewModel.swift; sourceTree = "<group>"; };
		EEFD04812B013C4B00D303B7 /* FortgotPasswordView.xib */ = {isa = PBXFileReference; lastKnownFileType = file.xib; path = FortgotPasswordView.xib; sourceTree = "<group>"; };
		EEFD04872B013C6C00D303B7 /* VerifyCodeController.swift */ = {isa = PBXFileReference; lastKnownFileType = sourcecode.swift; path = VerifyCodeController.swift; sourceTree = "<group>"; };
		EEFD04882B013C6C00D303B7 /* VerifyCodeView.swift */ = {isa = PBXFileReference; lastKnownFileType = sourcecode.swift; path = VerifyCodeView.swift; sourceTree = "<group>"; };
		EEFD04892B013C6C00D303B7 /* VerifyCodeViewModel.swift */ = {isa = PBXFileReference; lastKnownFileType = sourcecode.swift; path = VerifyCodeViewModel.swift; sourceTree = "<group>"; };
		EEFD048A2B013C6C00D303B7 /* VerifyCodeView.xib */ = {isa = PBXFileReference; lastKnownFileType = file.xib; path = VerifyCodeView.xib; sourceTree = "<group>"; };
		EEFD04902B013C9400D303B7 /* NewPasswordController.swift */ = {isa = PBXFileReference; lastKnownFileType = sourcecode.swift; path = NewPasswordController.swift; sourceTree = "<group>"; };
		EEFD04912B013C9400D303B7 /* NewPasswordView.swift */ = {isa = PBXFileReference; lastKnownFileType = sourcecode.swift; path = NewPasswordView.swift; sourceTree = "<group>"; };
		EEFD04922B013C9400D303B7 /* NewPasswordViewModel.swift */ = {isa = PBXFileReference; lastKnownFileType = sourcecode.swift; path = NewPasswordViewModel.swift; sourceTree = "<group>"; };
		EEFD04932B013C9400D303B7 /* NewPasswordView.xib */ = {isa = PBXFileReference; lastKnownFileType = file.xib; path = NewPasswordView.xib; sourceTree = "<group>"; };
/* End PBXFileReference section */

/* Begin PBXFrameworksBuildPhase section */
		EE04B7842B03B26B00675E2E /* Frameworks */ = {
			isa = PBXFrameworksBuildPhase;
			buildActionMask = 2147483647;
			files = (
			);
			runOnlyForDeploymentPostprocessing = 0;
		};
		EE5BE15F2AFFB5F700CF26C9 /* Frameworks */ = {
			isa = PBXFrameworksBuildPhase;
			buildActionMask = 2147483647;
			files = (
				EEC481D42AFFEECF00EC52DF /* Extensions in Frameworks */,
				EEC481E32AFFFBF000EC52DF /* CompositionalLayoutableSection in Frameworks */,
				EEC481D72AFFEEE000EC52DF /* MakeConstraints in Frameworks */,
			);
			runOnlyForDeploymentPostprocessing = 0;
		};
		EE5BE1752AFFB5F800CF26C9 /* Frameworks */ = {
			isa = PBXFrameworksBuildPhase;
			buildActionMask = 2147483647;
			files = (
			);
			runOnlyForDeploymentPostprocessing = 0;
		};
		EE5BE17F2AFFB5F800CF26C9 /* Frameworks */ = {
			isa = PBXFrameworksBuildPhase;
			buildActionMask = 2147483647;
			files = (
			);
			runOnlyForDeploymentPostprocessing = 0;
		};
/* End PBXFrameworksBuildPhase section */

/* Begin PBXGroup section */
		EE5BE1592AFFB5F700CF26C9 = {
			isa = PBXGroup;
			children = (
				EE5BE19B2AFFB9C900CF26C9 /* .swiftlint.yml */,
				EE5BE19C2AFFB9C900CF26C9 /* swiftgen.yml */,
				EE5BE1642AFFB5F700CF26C9 /* Doctor-Appointment */,
				EE5BE17B2AFFB5F800CF26C9 /* Doctor-AppointmentTests */,
				EE5BE1852AFFB5F800CF26C9 /* Doctor-AppointmentUITests */,
			);
			sourceTree = "<group>";
		};
		EE5BE1642AFFB5F700CF26C9 /* Doctor-Appointment */ = {
			isa = PBXGroup;
			children = (
				EE5BE19F2AFFBA0100CF26C9 /* Utilities */,
				EE5BE1A02AFFBA0800CF26C9 /* Resources */,
				EE5BE1652AFFB5F700CF26C9 /* AppDelegate.swift */,
				EE5BE1672AFFB5F700CF26C9 /* SceneDelegate.swift */,
				EE893DE92B029F0C00913047 /* AppCoordinator.swift */,
				EE5BE1702AFFB5F700CF26C9 /* LaunchScreen.storyboard */,
				EE5BE1732AFFB5F700CF26C9 /* Info.plist */,
			);
			path = "Doctor-Appointment";
			sourceTree = "<group>";
		};
		EE5BE17B2AFFB5F800CF26C9 /* Doctor-AppointmentTests */ = {
			isa = PBXGroup;
			children = (
				EE5BE17C2AFFB5F800CF26C9 /* Doctor_AppointmentTests.swift */,
			);
			path = "Doctor-AppointmentTests";
			sourceTree = "<group>";
		};
		EE5BE1852AFFB5F800CF26C9 /* Doctor-AppointmentUITests */ = {
			isa = PBXGroup;
			children = (
				EE5BE1862AFFB5F800CF26C9 /* Doctor_AppointmentUITests.swift */,
				EE5BE1882AFFB5F800CF26C9 /* Doctor_AppointmentUITestsLaunchTests.swift */,
			);
			path = "Doctor-AppointmentUITests";
			sourceTree = "<group>";
		};
		EE5BE19F2AFFBA0100CF26C9 /* Utilities */ = {
			isa = PBXGroup;
			children = (
				EE72E4682B03896200448367 /* Extensions */,
				EEC481BF2AFFEB7700EC52DF /* Custom Views */,
				EE5BE1B22AFFBA9400CF26C9 /* Scenes */,
			);
			path = Utilities;
			sourceTree = "<group>";
		};
		EE5BE1A02AFFBA0800CF26C9 /* Resources */ = {
			isa = PBXGroup;
			children = (
				EE5BE1A62AFFBA3200CF26C9 /* Fonts */,
				EE5BE1A12AFFBA1800CF26C9 /* Generated */,
				EE5BE1AD2AFFBA5500CF26C9 /* Localization */,
				EE5BE16E2AFFB5F700CF26C9 /* Assets.xcassets */,
				EE5BE1B02AFFBA7E00CF26C9 /* Colors.xcassets */,
			);
			path = Resources;
			sourceTree = "<group>";
		};
		EE5BE1A12AFFBA1800CF26C9 /* Generated */ = {
			isa = PBXGroup;
			children = (
				EE5BE1A22AFFBA2000CF26C9 /* Strings+Generated.swift */,
			);
			path = Generated;
			sourceTree = "<group>";
		};
		EE5BE1A62AFFBA3200CF26C9 /* Fonts */ = {
			isa = PBXGroup;
			children = (
				EEE96E082AFFD0ED008F20E4 /* Inter.ttf */,
				EE5BE1A82AFFBA3B00CF26C9 /* UIFont+Style.swift */,
			);
			path = Fonts;
			sourceTree = "<group>";
		};
		EE5BE1AD2AFFBA5500CF26C9 /* Localization */ = {
			isa = PBXGroup;
			children = (
				EE5BE1B82AFFBAF700CF26C9 /* Localizable.strings */,
			);
			path = Localization;
			sourceTree = "<group>";
		};
		EE5BE1B22AFFBA9400CF26C9 /* Scenes */ = {
			isa = PBXGroup;
			children = (
				EEC481B52AFFE9CB00EC52DF /* Onboarding */,
			);
			path = Scenes;
			sourceTree = "<group>";
		};
		EE70AC6D2B02BA73003B4DA3 /* Logo View */ = {
			isa = PBXGroup;
			children = (
				EE70AC762B02BCBC003B4DA3 /* LogoView.swift */,
				EE70AC772B02BCBC003B4DA3 /* LogoView.xib */,
			);
			path = "Logo View";
			sourceTree = "<group>";
		};
		EE72E4582B0342E500448367 /* Social Media */ = {
			isa = PBXGroup;
			children = (
				EE72E4592B0342F700448367 /* SocialMediaButton.swift */,
				EE72E45B2B03442100448367 /* GoogleButton.swift */,
				EE72E45D2B0345A000448367 /* FacebookButton.swift */,
			);
			path = "Social Media";
			sourceTree = "<group>";
		};
		EE72E4682B03896200448367 /* Extensions */ = {
			isa = PBXGroup;
			children = (
				EE72E4692B03897600448367 /* UINavigationItem+.swift */,
			);
			path = Extensions;
			sourceTree = "<group>";
		};
		EE812DF32B02CF53007DB05F /* TextFields */ = {
			isa = PBXGroup;
			children = (
				EE812DF42B02CFBD007DB05F /* PrimaryTextField.swift */,
			);
			path = TextFields;
			sourceTree = "<group>";
		};
		EEC481B52AFFE9CB00EC52DF /* Onboarding */ = {
			isa = PBXGroup;
			children = (
				EEC481B62AFFEA5300EC52DF /* Splash */,
				EEFD045E2B0139C900D303B7 /* Login */,
				EEFD04672B013A1500D303B7 /* Register */,
				EEFD047C2B013C2C00D303B7 /* Forgot Password */,
			);
			path = Onboarding;
			sourceTree = "<group>";
		};
		EEC481B62AFFEA5300EC52DF /* Splash */ = {
			isa = PBXGroup;
			children = (
				EEC481DA2AFFFB6000EC52DF /* CollectionView Section */,
				EEC481E42B000F8F00EC52DF /* SplashModel.swift */,
				EE344CCB2B003EDB007E45D3 /* SplashView.swift */,
				EE344CCC2B003EDB007E45D3 /* SplashView.xib */,
				EEC481B92AFFEAA600EC52DF /* SplashViewModel.swift */,
				EEC481B82AFFEAA600EC52DF /* SplashController.swift */,
			);
			path = Splash;
			sourceTree = "<group>";
		};
		EEC481BF2AFFEB7700EC52DF /* Custom Views */ = {
			isa = PBXGroup;
			children = (
				EE70AC6D2B02BA73003B4DA3 /* Logo View */,
				EE812DF32B02CF53007DB05F /* TextFields */,
				EEC481CF2AFFEE5900EC52DF /* Buttons */,
				EEC481C22AFFEB9200EC52DF /* Labels */,
				EE72E4612B0379A200448367 /* DoapNavigationController.swift */,
			);
			path = "Custom Views";
			sourceTree = "<group>";
		};
		EEC481C22AFFEB9200EC52DF /* Labels */ = {
			isa = PBXGroup;
			children = (
				EEC481C42AFFEB9D00EC52DF /* H1Label.swift */,
				EEC481C72AFFEB9D00EC52DF /* H2Label.swift */,
				EEC481C82AFFEB9D00EC52DF /* H3Label.swift */,
				EEC481C62AFFEB9D00EC52DF /* MediumLabel.swift */,
				EEC481C52AFFEB9D00EC52DF /* RegularLabel.swift */,
				EEC481C32AFFEB9D00EC52DF /* SmallLabel.swift */,
			);
			path = Labels;
			sourceTree = "<group>";
		};
		EEC481CF2AFFEE5900EC52DF /* Buttons */ = {
			isa = PBXGroup;
			children = (
				EE72E4582B0342E500448367 /* Social Media */,
				EEC481D02AFFEE6B00EC52DF /* PrimaryButton.swift */,
				EEC481D82AFFF8F000EC52DF /* RegularButton.swift */,
				EE72E45F2B0360D600448367 /* MediumButton.swift */,
			);
			path = Buttons;
			sourceTree = "<group>";
		};
		EEC481DA2AFFFB6000EC52DF /* CollectionView Section */ = {
			isa = PBXGroup;
			children = (
				EEC481DC2AFFFB7200EC52DF /* SplashSection.swift */,
				EEC481DB2AFFFB7200EC52DF /* SplashCollectionViewCell.swift */,
				EEC481DD2AFFFB7200EC52DF /* SplashCollectionViewCell.xib */,
			);
			path = "CollectionView Section";
			sourceTree = "<group>";
		};
		EEFD045E2B0139C900D303B7 /* Login */ = {
			isa = PBXGroup;
			children = (
				EE70AC662B02B208003B4DA3 /* LoginView.swift */,
				EE70AC682B02B208003B4DA3 /* LoginView.xib */,
				EE70AC672B02B208003B4DA3 /* LoginViewModel.swift */,
				EE70AC652B02B208003B4DA3 /* LoginController.swift */,
			);
			path = Login;
			sourceTree = "<group>";
		};
		EEFD04672B013A1500D303B7 /* Register */ = {
			isa = PBXGroup;
			children = (
				EEFD04722B013BD300D303B7 /* Signup */,
				EEFD04732B013BF800D303B7 /* Create Profile */,
			);
			path = Register;
			sourceTree = "<group>";
		};
		EEFD04722B013BD300D303B7 /* Signup */ = {
			isa = PBXGroup;
			children = (
				EE893DD82B028CD900913047 /* SignupView.swift */,
				EE893DDA2B028CD900913047 /* SignupView.xib */,
				EE893DD92B028CD900913047 /* SignupViewModel.swift */,
				EE893DD72B028CD900913047 /* SignupController.swift */,
			);
			path = Signup;
			sourceTree = "<group>";
		};
		EEFD04732B013BF800D303B7 /* Create Profile */ = {
			isa = PBXGroup;
			children = (
				EE893DE22B0294A800913047 /* CreateProfileView.swift */,
				EE893DE42B0294A800913047 /* CreateProfileView.xib */,
				EE893DE32B0294A800913047 /* CreateProfileViewModel.swift */,
				EE893DE12B0294A800913047 /* CreateProfileController.swift */,
			);
			path = "Create Profile";
			sourceTree = "<group>";
		};
		EEFD047C2B013C2C00D303B7 /* Forgot Password */ = {
			isa = PBXGroup;
			children = (
				EEFD047D2B013C4000D303B7 /* Forgot Password */,
				EEFD04862B013C5D00D303B7 /* Verify Code */,
				EEFD048F2B013C8200D303B7 /* New Password */,
			);
			path = "Forgot Password";
			sourceTree = "<group>";
		};
		EEFD047D2B013C4000D303B7 /* Forgot Password */ = {
			isa = PBXGroup;
			children = (
				EEFD047E2B013C4B00D303B7 /* FortgotPasswordController.swift */,
				EEFD047F2B013C4B00D303B7 /* FortgotPasswordView.swift */,
				EEFD04802B013C4B00D303B7 /* FortgotPasswordViewModel.swift */,
				EEFD04812B013C4B00D303B7 /* FortgotPasswordView.xib */,
			);
			path = "Forgot Password";
			sourceTree = "<group>";
		};
		EEFD04862B013C5D00D303B7 /* Verify Code */ = {
			isa = PBXGroup;
			children = (
				EEFD04872B013C6C00D303B7 /* VerifyCodeController.swift */,
				EEFD04882B013C6C00D303B7 /* VerifyCodeView.swift */,
				EEFD04892B013C6C00D303B7 /* VerifyCodeViewModel.swift */,
				EEFD048A2B013C6C00D303B7 /* VerifyCodeView.xib */,
			);
			path = "Verify Code";
			sourceTree = "<group>";
		};
		EEFD048F2B013C8200D303B7 /* New Password */ = {
			isa = PBXGroup;
			children = (
				EEFD04902B013C9400D303B7 /* NewPasswordController.swift */,
				EEFD04912B013C9400D303B7 /* NewPasswordView.swift */,
				EEFD04922B013C9400D303B7 /* NewPasswordViewModel.swift */,
				EEFD04932B013C9400D303B7 /* NewPasswordView.xib */,
			);
			path = "New Password";
			sourceTree = "<group>";
		};
/* End PBXGroup section */

/* Begin PBXNativeTarget section */
		EE04B7862B03B26B00675E2E /* DoctorUITests */ = {
			isa = PBXNativeTarget;
			buildConfigurationList = EE04B7972B03B26B00675E2E /* Build configuration list for PBXNativeTarget "DoctorUITests" */;
			buildPhases = (
				EE04B7832B03B26B00675E2E /* Sources */,
				EE04B7842B03B26B00675E2E /* Frameworks */,
				EE04B7852B03B26B00675E2E /* Resources */,
			);
			buildRules = (
			);
			dependencies = (
			);
			name = DoctorUITests;
			productName = DoctorUITests;
			productReference = EE04B7872B03B26B00675E2E /* DoctorUITests.xctest */;
			productType = "com.apple.product-type.bundle.ui-testing";
		};
		EE5BE1612AFFB5F700CF26C9 /* Doctor-Appointment */ = {
			isa = PBXNativeTarget;
			buildConfigurationList = EE5BE18C2AFFB5F800CF26C9 /* Build configuration list for PBXNativeTarget "Doctor-Appointment" */;
			buildPhases = (
				EE5BE1B42AFFBAC700CF26C9 /* swiftlint */,
				EE5BE1B32AFFBAB300CF26C9 /* swiftgen */,
				EE5BE15E2AFFB5F700CF26C9 /* Sources */,
				EE5BE15F2AFFB5F700CF26C9 /* Frameworks */,
				EE5BE1602AFFB5F700CF26C9 /* Resources */,
			);
			buildRules = (
			);
			dependencies = (
			);
			name = "Doctor-Appointment";
			packageProductDependencies = (
				EEC481D32AFFEECF00EC52DF /* Extensions */,
				EEC481D62AFFEEE000EC52DF /* MakeConstraints */,
				EEC481E22AFFFBF000EC52DF /* CompositionalLayoutableSection */,
			);
			productName = "Doctor-Appointment";
			productReference = EE5BE1622AFFB5F700CF26C9 /* Doctor-Appointment.app */;
			productType = "com.apple.product-type.application";
		};
		EE5BE1772AFFB5F800CF26C9 /* Doctor-AppointmentTests */ = {
			isa = PBXNativeTarget;
			buildConfigurationList = EE5BE18F2AFFB5F800CF26C9 /* Build configuration list for PBXNativeTarget "Doctor-AppointmentTests" */;
			buildPhases = (
				EE5BE1742AFFB5F800CF26C9 /* Sources */,
				EE5BE1752AFFB5F800CF26C9 /* Frameworks */,
				EE5BE1762AFFB5F800CF26C9 /* Resources */,
			);
			buildRules = (
			);
			dependencies = (
				EE5BE17A2AFFB5F800CF26C9 /* PBXTargetDependency */,
			);
			name = "Doctor-AppointmentTests";
			productName = "Doctor-AppointmentTests";
			productReference = EE5BE1782AFFB5F800CF26C9 /* Doctor-AppointmentTests.xctest */;
			productType = "com.apple.product-type.bundle.unit-test";
		};
		EE5BE1812AFFB5F800CF26C9 /* Doctor-AppointmentUITests */ = {
			isa = PBXNativeTarget;
			buildConfigurationList = EE5BE1922AFFB5F800CF26C9 /* Build configuration list for PBXNativeTarget "Doctor-AppointmentUITests" */;
			buildPhases = (
				EE5BE17E2AFFB5F800CF26C9 /* Sources */,
				EE5BE17F2AFFB5F800CF26C9 /* Frameworks */,
				EE5BE1802AFFB5F800CF26C9 /* Resources */,
			);
			buildRules = (
			);
			dependencies = (
				EE5BE1842AFFB5F800CF26C9 /* PBXTargetDependency */,
			);
			name = "Doctor-AppointmentUITests";
			productName = "Doctor-AppointmentUITests";
			productReference = EE5BE1822AFFB5F800CF26C9 /* Doctor-AppointmentUITests.xctest */;
			productType = "com.apple.product-type.bundle.ui-testing";
		};
/* End PBXNativeTarget section */

/* Begin PBXProject section */
		EE5BE15A2AFFB5F700CF26C9 /* Project object */ = {
			isa = PBXProject;
			attributes = {
				BuildIndependentTargetsInParallel = 1;
				LastSwiftUpdateCheck = 1500;
				LastUpgradeCheck = 1500;
				TargetAttributes = {
					EE04B7862B03B26B00675E2E = {
						CreatedOnToolsVersion = 15.0;
						TestTargetID = EE04B7672B03B26900675E2E;
					};
					EE5BE1612AFFB5F700CF26C9 = {
						CreatedOnToolsVersion = 15.0;
					};
					EE5BE1772AFFB5F800CF26C9 = {
						CreatedOnToolsVersion = 15.0;
						TestTargetID = EE5BE1612AFFB5F700CF26C9;
					};
					EE5BE1812AFFB5F800CF26C9 = {
						CreatedOnToolsVersion = 15.0;
						TestTargetID = EE5BE1612AFFB5F700CF26C9;
					};
				};
			};
			buildConfigurationList = EE5BE15D2AFFB5F700CF26C9 /* Build configuration list for PBXProject "Doctor-Appointment" */;
			compatibilityVersion = "Xcode 14.0";
			developmentRegion = en;
			hasScannedForEncodings = 0;
			knownRegions = (
				en,
				Base,
				ar,
			);
			mainGroup = EE5BE1592AFFB5F700CF26C9;
			packageReferences = (
				EEC481D22AFFEECF00EC52DF /* XCLocalSwiftPackageReference "Packages/Extensions" */,
				EEC481D52AFFEEE000EC52DF /* XCLocalSwiftPackageReference "Packages/MakeConstraints" */,
				EEC481E12AFFFBF000EC52DF /* XCLocalSwiftPackageReference "Packages/CompositionalLayoutableSection" */,
			);
			productRefGroup = EE5BE1592AFFB5F700CF26C9;
			projectDirPath = "";
			projectRoot = "";
			targets = (
				EE5BE1612AFFB5F700CF26C9 /* Doctor-Appointment */,
				EE5BE1772AFFB5F800CF26C9 /* Doctor-AppointmentTests */,
				EE5BE1812AFFB5F800CF26C9 /* Doctor-AppointmentUITests */,
				EE04B7862B03B26B00675E2E /* DoctorUITests */,
			);
		};
/* End PBXProject section */

/* Begin PBXResourcesBuildPhase section */
		EE04B7852B03B26B00675E2E /* Resources */ = {
			isa = PBXResourcesBuildPhase;
			buildActionMask = 2147483647;
			files = (
			);
			runOnlyForDeploymentPostprocessing = 0;
		};
		EE5BE1602AFFB5F700CF26C9 /* Resources */ = {
			isa = PBXResourcesBuildPhase;
			buildActionMask = 2147483647;
			files = (
				EE5BE19D2AFFB9C900CF26C9 /* .swiftlint.yml in Resources */,
				EE344CCE2B003EDB007E45D3 /* SplashView.xib in Resources */,
				EEC481E02AFFFB7200EC52DF /* SplashCollectionViewCell.xib in Resources */,
				EEE96E092AFFD0ED008F20E4 /* Inter.ttf in Resources */,
				EEFD04852B013C4B00D303B7 /* FortgotPasswordView.xib in Resources */,
				EE893DE82B0294A800913047 /* CreateProfileView.xib in Resources */,
				EE5BE1722AFFB5F700CF26C9 /* LaunchScreen.storyboard in Resources */,
				EE5BE16F2AFFB5F700CF26C9 /* Assets.xcassets in Resources */,
				EE70AC6C2B02B208003B4DA3 /* LoginView.xib in Resources */,
				EE70AC792B02BCBC003B4DA3 /* LogoView.xib in Resources */,
				EE5BE1B62AFFBAF700CF26C9 /* Localizable.strings in Resources */,
				EE5BE19E2AFFB9C900CF26C9 /* swiftgen.yml in Resources */,
				EE893DDE2B028CD900913047 /* SignupView.xib in Resources */,
				EEFD048E2B013C6C00D303B7 /* VerifyCodeView.xib in Resources */,
				EE5BE1B12AFFBA7E00CF26C9 /* Colors.xcassets in Resources */,
				EEFD04972B013C9400D303B7 /* NewPasswordView.xib in Resources */,
			);
			runOnlyForDeploymentPostprocessing = 0;
		};
		EE5BE1762AFFB5F800CF26C9 /* Resources */ = {
			isa = PBXResourcesBuildPhase;
			buildActionMask = 2147483647;
			files = (
			);
			runOnlyForDeploymentPostprocessing = 0;
		};
		EE5BE1802AFFB5F800CF26C9 /* Resources */ = {
			isa = PBXResourcesBuildPhase;
			buildActionMask = 2147483647;
			files = (
			);
			runOnlyForDeploymentPostprocessing = 0;
		};
/* End PBXResourcesBuildPhase section */

/* Begin PBXShellScriptBuildPhase section */
		EE5BE1B32AFFBAB300CF26C9 /* swiftgen */ = {
			isa = PBXShellScriptBuildPhase;
			alwaysOutOfDate = 1;
			buildActionMask = 2147483647;
			files = (
			);
			inputFileListPaths = (
			);
			inputPaths = (
			);
			name = swiftgen;
			outputFileListPaths = (
			);
			outputPaths = (
			);
			runOnlyForDeploymentPostprocessing = 0;
			shellPath = /bin/sh;
			shellScript = "# Type a script or drag a script file from your workspace to insert its path.\nexport PATH=\"$PATH:/opt/homebrew/bin\"\nif which swiftgen >/dev/null; then\n  swiftgen\nelse\n  echo \"warning: SwiftLint not installed, download from https://github.com/realm/SwiftLint\"\nfi \n";
		};
		EE5BE1B42AFFBAC700CF26C9 /* swiftlint */ = {
			isa = PBXShellScriptBuildPhase;
			alwaysOutOfDate = 1;
			buildActionMask = 2147483647;
			files = (
			);
			inputFileListPaths = (
			);
			inputPaths = (
			);
			name = swiftlint;
			outputFileListPaths = (
			);
			outputPaths = (
			);
			runOnlyForDeploymentPostprocessing = 0;
			shellPath = /bin/sh;
			shellScript = "export PATH=\"$PATH:/opt/homebrew/bin\"\nif which swiftlint >/dev/null; then\n  swiftlint\nelse\n  echo \"warning: SwiftLint not installed, download from https://github.com/realm/SwiftLint\"\nfi \n\n";
		};
/* End PBXShellScriptBuildPhase section */

/* Begin PBXSourcesBuildPhase section */
		EE04B7832B03B26B00675E2E /* Sources */ = {
			isa = PBXSourcesBuildPhase;
			buildActionMask = 2147483647;
			files = (
			);
			runOnlyForDeploymentPostprocessing = 0;
		};
		EE5BE15E2AFFB5F700CF26C9 /* Sources */ = {
			isa = PBXSourcesBuildPhase;
			buildActionMask = 2147483647;
			files = (
				EEC481CB2AFFEB9D00EC52DF /* RegularLabel.swift in Sources */,
				EE72E45C2B03442100448367 /* GoogleButton.swift in Sources */,
				EEC481E52B000F8F00EC52DF /* SplashModel.swift in Sources */,
				EE72E45E2B0345A000448367 /* FacebookButton.swift in Sources */,
				EEC481CD2AFFEB9D00EC52DF /* H2Label.swift in Sources */,
				EEC481DF2AFFFB7200EC52DF /* SplashSection.swift in Sources */,
				EE5BE1662AFFB5F700CF26C9 /* AppDelegate.swift in Sources */,
				EE893DEA2B029F0C00913047 /* AppCoordinator.swift in Sources */,
				EE5BE1A32AFFBA2000CF26C9 /* Strings+Generated.swift in Sources */,
				EE70AC782B02BCBC003B4DA3 /* LogoView.swift in Sources */,
				EE893DDB2B028CD900913047 /* SignupController.swift in Sources */,
				EE72E45A2B0342F700448367 /* SocialMediaButton.swift in Sources */,
				EE72E46A2B03897600448367 /* UINavigationItem+.swift in Sources */,
				EEFD048C2B013C6C00D303B7 /* VerifyCodeView.swift in Sources */,
				EEC481D92AFFF8F000EC52DF /* RegularButton.swift in Sources */,
				EEC481DE2AFFFB7200EC52DF /* SplashCollectionViewCell.swift in Sources */,
				EEFD04962B013C9400D303B7 /* NewPasswordViewModel.swift in Sources */,
				EEFD048D2B013C6C00D303B7 /* VerifyCodeViewModel.swift in Sources */,
				EEC481CA2AFFEB9D00EC52DF /* H1Label.swift in Sources */,
				EEC481D12AFFEE6B00EC52DF /* PrimaryButton.swift in Sources */,
				EEC481CC2AFFEB9D00EC52DF /* MediumLabel.swift in Sources */,
				EE5BE1AB2AFFBA3B00CF26C9 /* UIFont+Style.swift in Sources */,
				EEC481C92AFFEB9D00EC52DF /* SmallLabel.swift in Sources */,
				EEFD04822B013C4B00D303B7 /* FortgotPasswordController.swift in Sources */,
				EE893DDC2B028CD900913047 /* SignupView.swift in Sources */,
				EE812DF62B02CFBD007DB05F /* PrimaryTextField.swift in Sources */,
				EEFD048B2B013C6C00D303B7 /* VerifyCodeController.swift in Sources */,
				EE893DDD2B028CD900913047 /* SignupViewModel.swift in Sources */,
				EE5BE1682AFFB5F700CF26C9 /* SceneDelegate.swift in Sources */,
				EEFD04942B013C9400D303B7 /* NewPasswordController.swift in Sources */,
				EEFD04952B013C9400D303B7 /* NewPasswordView.swift in Sources */,
				EE893DE52B0294A800913047 /* CreateProfileController.swift in Sources */,
				EEFD04832B013C4B00D303B7 /* FortgotPasswordView.swift in Sources */,
				EE893DE62B0294A800913047 /* CreateProfileView.swift in Sources */,
				EEC481BC2AFFEAA600EC52DF /* SplashController.swift in Sources */,
				EE70AC6B2B02B208003B4DA3 /* LoginViewModel.swift in Sources */,
				EE72E4602B0360D600448367 /* MediumButton.swift in Sources */,
				EEC481CE2AFFEB9D00EC52DF /* H3Label.swift in Sources */,
				EE72E4622B0379A200448367 /* DoapNavigationController.swift in Sources */,
				EE70AC6A2B02B208003B4DA3 /* LoginView.swift in Sources */,
				EEC481BD2AFFEAA600EC52DF /* SplashViewModel.swift in Sources */,
				EEFD04842B013C4B00D303B7 /* FortgotPasswordViewModel.swift in Sources */,
				EE893DE72B0294A800913047 /* CreateProfileViewModel.swift in Sources */,
				EE344CCD2B003EDB007E45D3 /* SplashView.swift in Sources */,
				EE70AC692B02B208003B4DA3 /* LoginController.swift in Sources */,
			);
			runOnlyForDeploymentPostprocessing = 0;
		};
		EE5BE1742AFFB5F800CF26C9 /* Sources */ = {
			isa = PBXSourcesBuildPhase;
			buildActionMask = 2147483647;
			files = (
				EE5BE17D2AFFB5F800CF26C9 /* Doctor_AppointmentTests.swift in Sources */,
			);
			runOnlyForDeploymentPostprocessing = 0;
		};
		EE5BE17E2AFFB5F800CF26C9 /* Sources */ = {
			isa = PBXSourcesBuildPhase;
			buildActionMask = 2147483647;
			files = (
				EE5BE1872AFFB5F800CF26C9 /* Doctor_AppointmentUITests.swift in Sources */,
				EE5BE1892AFFB5F800CF26C9 /* Doctor_AppointmentUITestsLaunchTests.swift in Sources */,
			);
			runOnlyForDeploymentPostprocessing = 0;
		};
/* End PBXSourcesBuildPhase section */

/* Begin PBXTargetDependency section */
		EE5BE17A2AFFB5F800CF26C9 /* PBXTargetDependency */ = {
			isa = PBXTargetDependency;
			target = EE5BE1612AFFB5F700CF26C9 /* Doctor-Appointment */;
			targetProxy = EE5BE1792AFFB5F800CF26C9 /* PBXContainerItemProxy */;
		};
		EE5BE1842AFFB5F800CF26C9 /* PBXTargetDependency */ = {
			isa = PBXTargetDependency;
			target = EE5BE1612AFFB5F700CF26C9 /* Doctor-Appointment */;
			targetProxy = EE5BE1832AFFB5F800CF26C9 /* PBXContainerItemProxy */;
		};
/* End PBXTargetDependency section */

/* Begin PBXVariantGroup section */
		EE5BE1702AFFB5F700CF26C9 /* LaunchScreen.storyboard */ = {
			isa = PBXVariantGroup;
			children = (
				EE5BE1712AFFB5F700CF26C9 /* Base */,
			);
			name = LaunchScreen.storyboard;
			sourceTree = "<group>";
		};
		EE5BE1B82AFFBAF700CF26C9 /* Localizable.strings */ = {
			isa = PBXVariantGroup;
			children = (
				EE5BE1B72AFFBAF700CF26C9 /* en */,
				EE5BE1B92AFFBAF800CF26C9 /* ar */,
			);
			name = Localizable.strings;
			sourceTree = "<group>";
		};
/* End PBXVariantGroup section */

/* Begin XCBuildConfiguration section */
		EE04B7932B03B26B00675E2E /* Debug */ = {
			isa = XCBuildConfiguration;
			buildSettings = {
				ALWAYS_EMBED_SWIFT_STANDARD_LIBRARIES = YES;
				CODE_SIGN_STYLE = Automatic;
				CURRENT_PROJECT_VERSION = 1;
				DEVELOPMENT_TEAM = 4U8DMJ33ZN;
				ENABLE_USER_SCRIPT_SANDBOXING = YES;
				GENERATE_INFOPLIST_FILE = YES;
				IPHONEOS_DEPLOYMENT_TARGET = 17.0;
				MARKETING_VERSION = 1.0;
				PRODUCT_BUNDLE_IDENTIFIER = com.yamany.DoctorUITests;
				PRODUCT_NAME = "$(TARGET_NAME)";
				SWIFT_EMIT_LOC_STRINGS = NO;
				SWIFT_VERSION = 5.0;
				TARGETED_DEVICE_FAMILY = "1,2";
				TEST_TARGET_NAME = Doctor;
			};
			name = Debug;
		};
		EE04B7942B03B26B00675E2E /* Release */ = {
			isa = XCBuildConfiguration;
			buildSettings = {
				ALWAYS_EMBED_SWIFT_STANDARD_LIBRARIES = YES;
				CODE_SIGN_STYLE = Automatic;
				CURRENT_PROJECT_VERSION = 1;
				DEVELOPMENT_TEAM = 4U8DMJ33ZN;
				ENABLE_USER_SCRIPT_SANDBOXING = YES;
				GENERATE_INFOPLIST_FILE = YES;
				IPHONEOS_DEPLOYMENT_TARGET = 17.0;
				MARKETING_VERSION = 1.0;
				PRODUCT_BUNDLE_IDENTIFIER = com.yamany.DoctorUITests;
				PRODUCT_NAME = "$(TARGET_NAME)";
				SWIFT_EMIT_LOC_STRINGS = NO;
				SWIFT_VERSION = 5.0;
				TARGETED_DEVICE_FAMILY = "1,2";
				TEST_TARGET_NAME = Doctor;
			};
			name = Release;
		};
		EE5BE18A2AFFB5F800CF26C9 /* Debug */ = {
			isa = XCBuildConfiguration;
			buildSettings = {
				ALWAYS_SEARCH_USER_PATHS = NO;
				ASSETCATALOG_COMPILER_GENERATE_SWIFT_ASSET_SYMBOL_EXTENSIONS = YES;
				CLANG_ANALYZER_LOCALIZABILITY_NONLOCALIZED = YES;
				CLANG_ANALYZER_NONNULL = YES;
				CLANG_ANALYZER_NUMBER_OBJECT_CONVERSION = YES_AGGRESSIVE;
				CLANG_CXX_LANGUAGE_STANDARD = "gnu++20";
				CLANG_ENABLE_MODULES = YES;
				CLANG_ENABLE_OBJC_ARC = YES;
				CLANG_ENABLE_OBJC_WEAK = YES;
				CLANG_WARN_BLOCK_CAPTURE_AUTORELEASING = YES;
				CLANG_WARN_BOOL_CONVERSION = YES;
				CLANG_WARN_COMMA = YES;
				CLANG_WARN_CONSTANT_CONVERSION = YES;
				CLANG_WARN_DEPRECATED_OBJC_IMPLEMENTATIONS = YES;
				CLANG_WARN_DIRECT_OBJC_ISA_USAGE = YES_ERROR;
				CLANG_WARN_DOCUMENTATION_COMMENTS = YES;
				CLANG_WARN_EMPTY_BODY = YES;
				CLANG_WARN_ENUM_CONVERSION = YES;
				CLANG_WARN_INFINITE_RECURSION = YES;
				CLANG_WARN_INT_CONVERSION = YES;
				CLANG_WARN_NON_LITERAL_NULL_CONVERSION = YES;
				CLANG_WARN_OBJC_IMPLICIT_RETAIN_SELF = YES;
				CLANG_WARN_OBJC_LITERAL_CONVERSION = YES;
				CLANG_WARN_OBJC_ROOT_CLASS = YES_ERROR;
				CLANG_WARN_QUOTED_INCLUDE_IN_FRAMEWORK_HEADER = YES;
				CLANG_WARN_RANGE_LOOP_ANALYSIS = YES;
				CLANG_WARN_STRICT_PROTOTYPES = YES;
				CLANG_WARN_SUSPICIOUS_MOVE = YES;
				CLANG_WARN_UNGUARDED_AVAILABILITY = YES_AGGRESSIVE;
				CLANG_WARN_UNREACHABLE_CODE = YES;
				CLANG_WARN__DUPLICATE_METHOD_MATCH = YES;
				COPY_PHASE_STRIP = NO;
				DEBUG_INFORMATION_FORMAT = dwarf;
				ENABLE_STRICT_OBJC_MSGSEND = YES;
				ENABLE_TESTABILITY = YES;
				ENABLE_USER_SCRIPT_SANDBOXING = NO;
				GCC_C_LANGUAGE_STANDARD = gnu17;
				GCC_DYNAMIC_NO_PIC = NO;
				GCC_NO_COMMON_BLOCKS = YES;
				GCC_OPTIMIZATION_LEVEL = 0;
				GCC_PREPROCESSOR_DEFINITIONS = (
					"DEBUG=1",
					"$(inherited)",
				);
				GCC_WARN_64_TO_32_BIT_CONVERSION = YES;
				GCC_WARN_ABOUT_RETURN_TYPE = YES_ERROR;
				GCC_WARN_UNDECLARED_SELECTOR = YES;
				GCC_WARN_UNINITIALIZED_AUTOS = YES_AGGRESSIVE;
				GCC_WARN_UNUSED_FUNCTION = YES;
				GCC_WARN_UNUSED_VARIABLE = YES;
				IPHONEOS_DEPLOYMENT_TARGET = 15.0;
				LOCALIZATION_PREFERS_STRING_CATALOGS = YES;
				MTL_ENABLE_DEBUG_INFO = INCLUDE_SOURCE;
				MTL_FAST_MATH = YES;
				ONLY_ACTIVE_ARCH = YES;
				SDKROOT = iphoneos;
				SWIFT_ACTIVE_COMPILATION_CONDITIONS = "DEBUG $(inherited)";
				SWIFT_OPTIMIZATION_LEVEL = "-Onone";
			};
			name = Debug;
		};
		EE5BE18B2AFFB5F800CF26C9 /* Release */ = {
			isa = XCBuildConfiguration;
			buildSettings = {
				ALWAYS_SEARCH_USER_PATHS = NO;
				ASSETCATALOG_COMPILER_GENERATE_SWIFT_ASSET_SYMBOL_EXTENSIONS = YES;
				CLANG_ANALYZER_LOCALIZABILITY_NONLOCALIZED = YES;
				CLANG_ANALYZER_NONNULL = YES;
				CLANG_ANALYZER_NUMBER_OBJECT_CONVERSION = YES_AGGRESSIVE;
				CLANG_CXX_LANGUAGE_STANDARD = "gnu++20";
				CLANG_ENABLE_MODULES = YES;
				CLANG_ENABLE_OBJC_ARC = YES;
				CLANG_ENABLE_OBJC_WEAK = YES;
				CLANG_WARN_BLOCK_CAPTURE_AUTORELEASING = YES;
				CLANG_WARN_BOOL_CONVERSION = YES;
				CLANG_WARN_COMMA = YES;
				CLANG_WARN_CONSTANT_CONVERSION = YES;
				CLANG_WARN_DEPRECATED_OBJC_IMPLEMENTATIONS = YES;
				CLANG_WARN_DIRECT_OBJC_ISA_USAGE = YES_ERROR;
				CLANG_WARN_DOCUMENTATION_COMMENTS = YES;
				CLANG_WARN_EMPTY_BODY = YES;
				CLANG_WARN_ENUM_CONVERSION = YES;
				CLANG_WARN_INFINITE_RECURSION = YES;
				CLANG_WARN_INT_CONVERSION = YES;
				CLANG_WARN_NON_LITERAL_NULL_CONVERSION = YES;
				CLANG_WARN_OBJC_IMPLICIT_RETAIN_SELF = YES;
				CLANG_WARN_OBJC_LITERAL_CONVERSION = YES;
				CLANG_WARN_OBJC_ROOT_CLASS = YES_ERROR;
				CLANG_WARN_QUOTED_INCLUDE_IN_FRAMEWORK_HEADER = YES;
				CLANG_WARN_RANGE_LOOP_ANALYSIS = YES;
				CLANG_WARN_STRICT_PROTOTYPES = YES;
				CLANG_WARN_SUSPICIOUS_MOVE = YES;
				CLANG_WARN_UNGUARDED_AVAILABILITY = YES_AGGRESSIVE;
				CLANG_WARN_UNREACHABLE_CODE = YES;
				CLANG_WARN__DUPLICATE_METHOD_MATCH = YES;
				COPY_PHASE_STRIP = NO;
				DEBUG_INFORMATION_FORMAT = "dwarf-with-dsym";
				ENABLE_NS_ASSERTIONS = NO;
				ENABLE_STRICT_OBJC_MSGSEND = YES;
				ENABLE_USER_SCRIPT_SANDBOXING = NO;
				GCC_C_LANGUAGE_STANDARD = gnu17;
				GCC_NO_COMMON_BLOCKS = YES;
				GCC_WARN_64_TO_32_BIT_CONVERSION = YES;
				GCC_WARN_ABOUT_RETURN_TYPE = YES_ERROR;
				GCC_WARN_UNDECLARED_SELECTOR = YES;
				GCC_WARN_UNINITIALIZED_AUTOS = YES_AGGRESSIVE;
				GCC_WARN_UNUSED_FUNCTION = YES;
				GCC_WARN_UNUSED_VARIABLE = YES;
				IPHONEOS_DEPLOYMENT_TARGET = 15.0;
				LOCALIZATION_PREFERS_STRING_CATALOGS = YES;
				MTL_ENABLE_DEBUG_INFO = NO;
				MTL_FAST_MATH = YES;
				SDKROOT = iphoneos;
				SWIFT_COMPILATION_MODE = wholemodule;
				VALIDATE_PRODUCT = YES;
			};
			name = Release;
		};
		EE5BE18D2AFFB5F800CF26C9 /* Debug */ = {
			isa = XCBuildConfiguration;
			buildSettings = {
				ASSETCATALOG_COMPILER_APPICON_NAME = AppIcon;
				ASSETCATALOG_COMPILER_GLOBAL_ACCENT_COLOR_NAME = AccentColor;
				CODE_SIGN_STYLE = Automatic;
				CURRENT_PROJECT_VERSION = 1;
				DEVELOPMENT_TEAM = 4U8DMJ33ZN;
				GENERATE_INFOPLIST_FILE = YES;
				INFOPLIST_FILE = "Doctor-Appointment/Info.plist";
				INFOPLIST_KEY_CFBundleDisplayName = HealthPal;
				INFOPLIST_KEY_LSApplicationCategoryType = "public.app-category.medical";
				INFOPLIST_KEY_UIApplicationSupportsIndirectInputEvents = YES;
				INFOPLIST_KEY_UILaunchStoryboardName = LaunchScreen;
				INFOPLIST_KEY_UIStatusBarStyle = "";
				INFOPLIST_KEY_UISupportedInterfaceOrientations = UIInterfaceOrientationPortrait;
				IPHONEOS_DEPLOYMENT_TARGET = 15.0;
				LD_RUNPATH_SEARCH_PATHS = (
					"$(inherited)",
					"@executable_path/Frameworks",
				);
				MARKETING_VERSION = 1.0;
				PRODUCT_BUNDLE_IDENTIFIER = "com.yamany.Doctor-Appointment";
				PRODUCT_NAME = "$(TARGET_NAME)";
				SWIFT_EMIT_LOC_STRINGS = YES;
				SWIFT_VERSION = 5.0;
				TARGETED_DEVICE_FAMILY = "1,2";
			};
			name = Debug;
		};
		EE5BE18E2AFFB5F800CF26C9 /* Release */ = {
			isa = XCBuildConfiguration;
			buildSettings = {
				ASSETCATALOG_COMPILER_APPICON_NAME = AppIcon;
				ASSETCATALOG_COMPILER_GLOBAL_ACCENT_COLOR_NAME = AccentColor;
				CODE_SIGN_STYLE = Automatic;
				CURRENT_PROJECT_VERSION = 1;
				DEVELOPMENT_TEAM = 4U8DMJ33ZN;
				GENERATE_INFOPLIST_FILE = YES;
				INFOPLIST_FILE = "Doctor-Appointment/Info.plist";
				INFOPLIST_KEY_CFBundleDisplayName = HealthPal;
				INFOPLIST_KEY_LSApplicationCategoryType = "public.app-category.medical";
				INFOPLIST_KEY_UIApplicationSupportsIndirectInputEvents = YES;
				INFOPLIST_KEY_UILaunchStoryboardName = LaunchScreen;
				INFOPLIST_KEY_UIStatusBarStyle = "";
				INFOPLIST_KEY_UISupportedInterfaceOrientations = UIInterfaceOrientationPortrait;
				IPHONEOS_DEPLOYMENT_TARGET = 15.0;
				LD_RUNPATH_SEARCH_PATHS = (
					"$(inherited)",
					"@executable_path/Frameworks",
				);
				MARKETING_VERSION = 1.0;
				PRODUCT_BUNDLE_IDENTIFIER = "com.yamany.Doctor-Appointment";
				PRODUCT_NAME = "$(TARGET_NAME)";
				SWIFT_EMIT_LOC_STRINGS = YES;
				SWIFT_VERSION = 5.0;
				TARGETED_DEVICE_FAMILY = "1,2";
			};
			name = Release;
		};
		EE5BE1902AFFB5F800CF26C9 /* Debug */ = {
			isa = XCBuildConfiguration;
			buildSettings = {
				ALWAYS_EMBED_SWIFT_STANDARD_LIBRARIES = YES;
				BUNDLE_LOADER = "$(TEST_HOST)";
				CODE_SIGN_STYLE = Automatic;
				CURRENT_PROJECT_VERSION = 1;
				DEVELOPMENT_TEAM = 4U8DMJ33ZN;
				GENERATE_INFOPLIST_FILE = YES;
				IPHONEOS_DEPLOYMENT_TARGET = 17.0;
				MARKETING_VERSION = 1.0;
				PRODUCT_BUNDLE_IDENTIFIER = "com.yamany.Doctor-AppointmentTests";
				PRODUCT_NAME = "$(TARGET_NAME)";
				SWIFT_EMIT_LOC_STRINGS = NO;
				SWIFT_VERSION = 5.0;
				TARGETED_DEVICE_FAMILY = "1,2";
				TEST_HOST = "$(BUILT_PRODUCTS_DIR)/Doctor-Appointment.app/$(BUNDLE_EXECUTABLE_FOLDER_PATH)/Doctor-Appointment";
			};
			name = Debug;
		};
		EE5BE1912AFFB5F800CF26C9 /* Release */ = {
			isa = XCBuildConfiguration;
			buildSettings = {
				ALWAYS_EMBED_SWIFT_STANDARD_LIBRARIES = YES;
				BUNDLE_LOADER = "$(TEST_HOST)";
				CODE_SIGN_STYLE = Automatic;
				CURRENT_PROJECT_VERSION = 1;
				DEVELOPMENT_TEAM = 4U8DMJ33ZN;
				GENERATE_INFOPLIST_FILE = YES;
				IPHONEOS_DEPLOYMENT_TARGET = 17.0;
				MARKETING_VERSION = 1.0;
				PRODUCT_BUNDLE_IDENTIFIER = "com.yamany.Doctor-AppointmentTests";
				PRODUCT_NAME = "$(TARGET_NAME)";
				SWIFT_EMIT_LOC_STRINGS = NO;
				SWIFT_VERSION = 5.0;
				TARGETED_DEVICE_FAMILY = "1,2";
				TEST_HOST = "$(BUILT_PRODUCTS_DIR)/Doctor-Appointment.app/$(BUNDLE_EXECUTABLE_FOLDER_PATH)/Doctor-Appointment";
			};
			name = Release;
		};
		EE5BE1932AFFB5F800CF26C9 /* Debug */ = {
			isa = XCBuildConfiguration;
			buildSettings = {
				ALWAYS_EMBED_SWIFT_STANDARD_LIBRARIES = YES;
				CODE_SIGN_STYLE = Automatic;
				CURRENT_PROJECT_VERSION = 1;
				DEVELOPMENT_TEAM = 4U8DMJ33ZN;
				GENERATE_INFOPLIST_FILE = YES;
				MARKETING_VERSION = 1.0;
				PRODUCT_BUNDLE_IDENTIFIER = "com.yamany.Doctor-AppointmentUITests";
				PRODUCT_NAME = "$(TARGET_NAME)";
				SWIFT_EMIT_LOC_STRINGS = NO;
				SWIFT_VERSION = 5.0;
				TARGETED_DEVICE_FAMILY = "1,2";
				TEST_TARGET_NAME = "Doctor-Appointment";
			};
			name = Debug;
		};
		EE5BE1942AFFB5F800CF26C9 /* Release */ = {
			isa = XCBuildConfiguration;
			buildSettings = {
				ALWAYS_EMBED_SWIFT_STANDARD_LIBRARIES = YES;
				CODE_SIGN_STYLE = Automatic;
				CURRENT_PROJECT_VERSION = 1;
				DEVELOPMENT_TEAM = 4U8DMJ33ZN;
				GENERATE_INFOPLIST_FILE = YES;
				MARKETING_VERSION = 1.0;
				PRODUCT_BUNDLE_IDENTIFIER = "com.yamany.Doctor-AppointmentUITests";
				PRODUCT_NAME = "$(TARGET_NAME)";
				SWIFT_EMIT_LOC_STRINGS = NO;
				SWIFT_VERSION = 5.0;
				TARGETED_DEVICE_FAMILY = "1,2";
				TEST_TARGET_NAME = "Doctor-Appointment";
			};
			name = Release;
		};
/* End XCBuildConfiguration section */

/* Begin XCConfigurationList section */
		EE04B7972B03B26B00675E2E /* Build configuration list for PBXNativeTarget "DoctorUITests" */ = {
			isa = XCConfigurationList;
			buildConfigurations = (
				EE04B7932B03B26B00675E2E /* Debug */,
				EE04B7942B03B26B00675E2E /* Release */,
			);
			defaultConfigurationIsVisible = 0;
			defaultConfigurationName = Release;
		};
		EE5BE15D2AFFB5F700CF26C9 /* Build configuration list for PBXProject "Doctor-Appointment" */ = {
			isa = XCConfigurationList;
			buildConfigurations = (
				EE5BE18A2AFFB5F800CF26C9 /* Debug */,
				EE5BE18B2AFFB5F800CF26C9 /* Release */,
			);
			defaultConfigurationIsVisible = 0;
			defaultConfigurationName = Release;
		};
		EE5BE18C2AFFB5F800CF26C9 /* Build configuration list for PBXNativeTarget "Doctor-Appointment" */ = {
			isa = XCConfigurationList;
			buildConfigurations = (
				EE5BE18D2AFFB5F800CF26C9 /* Debug */,
				EE5BE18E2AFFB5F800CF26C9 /* Release */,
			);
			defaultConfigurationIsVisible = 0;
			defaultConfigurationName = Release;
		};
		EE5BE18F2AFFB5F800CF26C9 /* Build configuration list for PBXNativeTarget "Doctor-AppointmentTests" */ = {
			isa = XCConfigurationList;
			buildConfigurations = (
				EE5BE1902AFFB5F800CF26C9 /* Debug */,
				EE5BE1912AFFB5F800CF26C9 /* Release */,
			);
			defaultConfigurationIsVisible = 0;
			defaultConfigurationName = Release;
		};
		EE5BE1922AFFB5F800CF26C9 /* Build configuration list for PBXNativeTarget "Doctor-AppointmentUITests" */ = {
			isa = XCConfigurationList;
			buildConfigurations = (
				EE5BE1932AFFB5F800CF26C9 /* Debug */,
				EE5BE1942AFFB5F800CF26C9 /* Release */,
			);
			defaultConfigurationIsVisible = 0;
			defaultConfigurationName = Release;
		};
/* End XCConfigurationList section */

/* Begin XCLocalSwiftPackageReference section */
		EEC481D22AFFEECF00EC52DF /* XCLocalSwiftPackageReference "Packages/Extensions" */ = {
			isa = XCLocalSwiftPackageReference;
			relativePath = Packages/Extensions;
		};
		EEC481D52AFFEEE000EC52DF /* XCLocalSwiftPackageReference "Packages/MakeConstraints" */ = {
			isa = XCLocalSwiftPackageReference;
			relativePath = Packages/MakeConstraints;
		};
		EEC481E12AFFFBF000EC52DF /* XCLocalSwiftPackageReference "Packages/CompositionalLayoutableSection" */ = {
			isa = XCLocalSwiftPackageReference;
			relativePath = Packages/CompositionalLayoutableSection;
		};
/* End XCLocalSwiftPackageReference section */

/* Begin XCSwiftPackageProductDependency section */
		EEC481D32AFFEECF00EC52DF /* Extensions */ = {
			isa = XCSwiftPackageProductDependency;
			productName = Extensions;
		};
		EEC481D62AFFEEE000EC52DF /* MakeConstraints */ = {
			isa = XCSwiftPackageProductDependency;
			productName = MakeConstraints;
		};
		EEC481E22AFFFBF000EC52DF /* CompositionalLayoutableSection */ = {
			isa = XCSwiftPackageProductDependency;
			productName = CompositionalLayoutableSection;
		};
/* End XCSwiftPackageProductDependency section */
	};
	rootObject = EE5BE15A2AFFB5F700CF26C9 /* Project object */;
}
