// !$*UTF8*$!
{
	archiveVersion = 1;
	classes = {
	};
	objectVersion = 56;
	objects = {

/* Begin PBXBuildFile section */
		EE5BE1662AFFB5F700CF26C9 /* AppDelegate.swift in Sources */ = {isa = PBXBuildFile; fileRef = EE5BE1652AFFB5F700CF26C9 /* AppDelegate.swift */; };
		EE5BE1682AFFB5F700CF26C9 /* SceneDelegate.swift in Sources */ = {isa = PBXBuildFile; fileRef = EE5BE1672AFFB5F700CF26C9 /* SceneDelegate.swift */; };
		EE5BE16A2AFFB5F700CF26C9 /* ViewController.swift in Sources */ = {isa = PBXBuildFile; fileRef = EE5BE1692AFFB5F700CF26C9 /* ViewController.swift */; };
		EE5BE16D2AFFB5F700CF26C9 /* Main.storyboard in Resources */ = {isa = PBXBuildFile; fileRef = EE5BE16B2AFFB5F700CF26C9 /* Main.storyboard */; };
		EE5BE16F2AFFB5F700CF26C9 /* Assets.xcassets in Resources */ = {isa = PBXBuildFile; fileRef = EE5BE16E2AFFB5F700CF26C9 /* Assets.xcassets */; };
		EE5BE1722AFFB5F700CF26C9 /* LaunchScreen.storyboard in Resources */ = {isa = PBXBuildFile; fileRef = EE5BE1702AFFB5F700CF26C9 /* LaunchScreen.storyboard */; };
		EE5BE17D2AFFB5F800CF26C9 /* Doctor_AppointmentTests.swift in Sources */ = {isa = PBXBuildFile; fileRef = EE5BE17C2AFFB5F800CF26C9 /* Doctor_AppointmentTests.swift */; };
		EE5BE1872AFFB5F800CF26C9 /* Doctor_AppointmentUITests.swift in Sources */ = {isa = PBXBuildFile; fileRef = EE5BE1862AFFB5F800CF26C9 /* Doctor_AppointmentUITests.swift */; };
		EE5BE1892AFFB5F800CF26C9 /* Doctor_AppointmentUITestsLaunchTests.swift in Sources */ = {isa = PBXBuildFile; fileRef = EE5BE1882AFFB5F800CF26C9 /* Doctor_AppointmentUITestsLaunchTests.swift */; };
/* End PBXBuildFile section */

/* Begin PBXContainerItemProxy section */
		EE5BE1792AFFB5F800CF26C9 /* PBXContainerItemProxy */ = {
			isa = PBXContainerItemProxy;
			containerPortal = EE5BE15A2AFFB5F700CF26C9 /* Project object */;
			proxyType = 1;
			remoteGlobalIDString = EE5BE1612AFFB5F700CF26C9;
			remoteInfo = "Doctor-Appointment";
		};
		EE5BE1832AFFB5F800CF26C9 /* PBXContainerItemProxy */ = {
			isa = PBXContainerItemProxy;
			containerPortal = EE5BE15A2AFFB5F700CF26C9 /* Project object */;
			proxyType = 1;
			remoteGlobalIDString = EE5BE1612AFFB5F700CF26C9;
			remoteInfo = "Doctor-Appointment";
		};
/* End PBXContainerItemProxy section */

/* Begin PBXFileReference section */
		EE5BE1622AFFB5F700CF26C9 /* Doctor-Appointment.app */ = {isa = PBXFileReference; explicitFileType = wrapper.application; includeInIndex = 0; path = "Doctor-Appointment.app"; sourceTree = BUILT_PRODUCTS_DIR; };
		EE5BE1652AFFB5F700CF26C9 /* AppDelegate.swift */ = {isa = PBXFileReference; lastKnownFileType = sourcecode.swift; path = AppDelegate.swift; sourceTree = "<group>"; };
		EE5BE1672AFFB5F700CF26C9 /* SceneDelegate.swift */ = {isa = PBXFileReference; lastKnownFileType = sourcecode.swift; path = SceneDelegate.swift; sourceTree = "<group>"; };
		EE5BE1692AFFB5F700CF26C9 /* ViewController.swift */ = {isa = PBXFileReference; lastKnownFileType = sourcecode.swift; path = ViewController.swift; sourceTree = "<group>"; };
		EE5BE16C2AFFB5F700CF26C9 /* Base */ = {isa = PBXFileReference; lastKnownFileType = file.storyboard; name = Base; path = Base.lproj/Main.storyboard; sourceTree = "<group>"; };
		EE5BE16E2AFFB5F700CF26C9 /* Assets.xcassets */ = {isa = PBXFileReference; lastKnownFileType = folder.assetcatalog; path = Assets.xcassets; sourceTree = "<group>"; };
		EE5BE1712AFFB5F700CF26C9 /* Base */ = {isa = PBXFileReference; lastKnownFileType = file.storyboard; name = Base; path = Base.lproj/LaunchScreen.storyboard; sourceTree = "<group>"; };
		EE5BE1732AFFB5F700CF26C9 /* Info.plist */ = {isa = PBXFileReference; lastKnownFileType = text.plist.xml; path = Info.plist; sourceTree = "<group>"; };
		EE5BE1782AFFB5F800CF26C9 /* Doctor-AppointmentTests.xctest */ = {isa = PBXFileReference; explicitFileType = wrapper.cfbundle; includeInIndex = 0; path = "Doctor-AppointmentTests.xctest"; sourceTree = BUILT_PRODUCTS_DIR; };
		EE5BE17C2AFFB5F800CF26C9 /* Doctor_AppointmentTests.swift */ = {isa = PBXFileReference; lastKnownFileType = sourcecode.swift; path = Doctor_AppointmentTests.swift; sourceTree = "<group>"; };
		EE5BE1822AFFB5F800CF26C9 /* Doctor-AppointmentUITests.xctest */ = {isa = PBXFileReference; explicitFileType = wrapper.cfbundle; includeInIndex = 0; path = "Doctor-AppointmentUITests.xctest"; sourceTree = BUILT_PRODUCTS_DIR; };
		EE5BE1862AFFB5F800CF26C9 /* Doctor_AppointmentUITests.swift */ = {isa = PBXFileReference; lastKnownFileType = sourcecode.swift; path = Doctor_AppointmentUITests.swift; sourceTree = "<group>"; };
		EE5BE1882AFFB5F800CF26C9 /* Doctor_AppointmentUITestsLaunchTests.swift */ = {isa = PBXFileReference; lastKnownFileType = sourcecode.swift; path = Doctor_AppointmentUITestsLaunchTests.swift; sourceTree = "<group>"; };
/* End PBXFileReference section */

/* Begin PBXFrameworksBuildPhase section */
		EE5BE15F2AFFB5F700CF26C9 /* Frameworks */ = {
			isa = PBXFrameworksBuildPhase;
			buildActionMask = 2147483647;
			files = (
			);
			runOnlyForDeploymentPostprocessing = 0;
		};
		EE5BE1752AFFB5F800CF26C9 /* Frameworks */ = {
			isa = PBXFrameworksBuildPhase;
			buildActionMask = 2147483647;
			files = (
			);
			runOnlyForDeploymentPostprocessing = 0;
		};
		EE5BE17F2AFFB5F800CF26C9 /* Frameworks */ = {
			isa = PBXFrameworksBuildPhase;
			buildActionMask = 2147483647;
			files = (
			);
			runOnlyForDeploymentPostprocessing = 0;
		};
/* End PBXFrameworksBuildPhase section */

/* Begin PBXGroup section */
		EE5BE1592AFFB5F700CF26C9 = {
			isa = PBXGroup;
			children = (
				EE5BE1642AFFB5F700CF26C9 /* Doctor-Appointment */,
				EE5BE17B2AFFB5F800CF26C9 /* Doctor-AppointmentTests */,
				EE5BE1852AFFB5F800CF26C9 /* Doctor-AppointmentUITests */,
				EE5BE1632AFFB5F700CF26C9 /* Products */,
			);
			sourceTree = "<group>";
		};
		EE5BE1632AFFB5F700CF26C9 /* Products */ = {
			isa = PBXGroup;
			children = (
				EE5BE1622AFFB5F700CF26C9 /* Doctor-Appointment.app */,
				EE5BE1782AFFB5F800CF26C9 /* Doctor-AppointmentTests.xctest */,
				EE5BE1822AFFB5F800CF26C9 /* Doctor-AppointmentUITests.xctest */,
			);
			name = Products;
			sourceTree = "<group>";
		};
		EE5BE1642AFFB5F700CF26C9 /* Doctor-Appointment */ = {
			isa = PBXGroup;
			children = (
				EE5BE1652AFFB5F700CF26C9 /* AppDelegate.swift */,
				EE5BE1672AFFB5F700CF26C9 /* SceneDelegate.swift */,
				EE5BE1692AFFB5F700CF26C9 /* ViewController.swift */,
				EE5BE16B2AFFB5F700CF26C9 /* Main.storyboard */,
				EE5BE16E2AFFB5F700CF26C9 /* Assets.xcassets */,
				EE5BE1702AFFB5F700CF26C9 /* LaunchScreen.storyboard */,
				EE5BE1732AFFB5F700CF26C9 /* Info.plist */,
			);
			path = "Doctor-Appointment";
			sourceTree = "<group>";
		};
		EE5BE17B2AFFB5F800CF26C9 /* Doctor-AppointmentTests */ = {
			isa = PBXGroup;
			children = (
				EE5BE17C2AFFB5F800CF26C9 /* Doctor_AppointmentTests.swift */,
			);
			path = "Doctor-AppointmentTests";
			sourceTree = "<group>";
		};
		EE5BE1852AFFB5F800CF26C9 /* Doctor-AppointmentUITests */ = {
			isa = PBXGroup;
			children = (
				EE5BE1862AFFB5F800CF26C9 /* Doctor_AppointmentUITests.swift */,
				EE5BE1882AFFB5F800CF26C9 /* Doctor_AppointmentUITestsLaunchTests.swift */,
			);
			path = "Doctor-AppointmentUITests";
			sourceTree = "<group>";
		};
/* End PBXGroup section */

/* Begin PBXNativeTarget section */
		EE5BE1612AFFB5F700CF26C9 /* Doctor-Appointment */ = {
			isa = PBXNativeTarget;
			buildConfigurationList = EE5BE18C2AFFB5F800CF26C9 /* Build configuration list for PBXNativeTarget "Doctor-Appointment" */;
			buildPhases = (
				EE5BE15E2AFFB5F700CF26C9 /* Sources */,
				EE5BE15F2AFFB5F700CF26C9 /* Frameworks */,
				EE5BE1602AFFB5F700CF26C9 /* Resources */,
			);
			buildRules = (
			);
			dependencies = (
			);
			name = "Doctor-Appointment";
			productName = "Doctor-Appointment";
			productReference = EE5BE1622AFFB5F700CF26C9 /* Doctor-Appointment.app */;
			productType = "com.apple.product-type.application";
		};
		EE5BE1772AFFB5F800CF26C9 /* Doctor-AppointmentTests */ = {
			isa = PBXNativeTarget;
			buildConfigurationList = EE5BE18F2AFFB5F800CF26C9 /* Build configuration list for PBXNativeTarget "Doctor-AppointmentTests" */;
			buildPhases = (
				EE5BE1742AFFB5F800CF26C9 /* Sources */,
				EE5BE1752AFFB5F800CF26C9 /* Frameworks */,
				EE5BE1762AFFB5F800CF26C9 /* Resources */,
			);
			buildRules = (
			);
			dependencies = (
				EE5BE17A2AFFB5F800CF26C9 /* PBXTargetDependency */,
			);
			name = "Doctor-AppointmentTests";
			productName = "Doctor-AppointmentTests";
			productReference = EE5BE1782AFFB5F800CF26C9 /* Doctor-AppointmentTests.xctest */;
			productType = "com.apple.product-type.bundle.unit-test";
		};
		EE5BE1812AFFB5F800CF26C9 /* Doctor-AppointmentUITests */ = {
			isa = PBXNativeTarget;
			buildConfigurationList = EE5BE1922AFFB5F800CF26C9 /* Build configuration list for PBXNativeTarget "Doctor-AppointmentUITests" */;
			buildPhases = (
				EE5BE17E2AFFB5F800CF26C9 /* Sources */,
				EE5BE17F2AFFB5F800CF26C9 /* Frameworks */,
				EE5BE1802AFFB5F800CF26C9 /* Resources */,
			);
			buildRules = (
			);
			dependencies = (
				EE5BE1842AFFB5F800CF26C9 /* PBXTargetDependency */,
			);
			name = "Doctor-AppointmentUITests";
			productName = "Doctor-AppointmentUITests";
			productReference = EE5BE1822AFFB5F800CF26C9 /* Doctor-AppointmentUITests.xctest */;
			productType = "com.apple.product-type.bundle.ui-testing";
		};
/* End PBXNativeTarget section */

/* Begin PBXProject section */
		EE5BE15A2AFFB5F700CF26C9 /* Project object */ = {
			isa = PBXProject;
			attributes = {
				BuildIndependentTargetsInParallel = 1;
				LastSwiftUpdateCheck = 1500;
				LastUpgradeCheck = 1500;
				TargetAttributes = {
					EE5BE1612AFFB5F700CF26C9 = {
						CreatedOnToolsVersion = 15.0;
					};
					EE5BE1772AFFB5F800CF26C9 = {
						CreatedOnToolsVersion = 15.0;
						TestTargetID = EE5BE1612AFFB5F700CF26C9;
					};
					EE5BE1812AFFB5F800CF26C9 = {
						CreatedOnToolsVersion = 15.0;
						TestTargetID = EE5BE1612AFFB5F700CF26C9;
					};
				};
			};
			buildConfigurationList = EE5BE15D2AFFB5F700CF26C9 /* Build configuration list for PBXProject "Doctor-Appointment" */;
			compatibilityVersion = "Xcode 14.0";
			developmentRegion = en;
			hasScannedForEncodings = 0;
			knownRegions = (
				en,
				Base,
			);
			mainGroup = EE5BE1592AFFB5F700CF26C9;
			productRefGroup = EE5BE1632AFFB5F700CF26C9 /* Products */;
			projectDirPath = "";
			projectRoot = "";
			targets = (
				EE5BE1612AFFB5F700CF26C9 /* Doctor-Appointment */,
				EE5BE1772AFFB5F800CF26C9 /* Doctor-AppointmentTests */,
				EE5BE1812AFFB5F800CF26C9 /* Doctor-AppointmentUITests */,
			);
		};
/* End PBXProject section */

/* Begin PBXResourcesBuildPhase section */
		EE5BE1602AFFB5F700CF26C9 /* Resources */ = {
			isa = PBXResourcesBuildPhase;
			buildActionMask = 2147483647;
			files = (
				EE5BE1722AFFB5F700CF26C9 /* LaunchScreen.storyboard in Resources */,
				EE5BE16F2AFFB5F700CF26C9 /* Assets.xcassets in Resources */,
				EE5BE16D2AFFB5F700CF26C9 /* Main.storyboard in Resources */,
			);
			runOnlyForDeploymentPostprocessing = 0;
		};
		EE5BE1762AFFB5F800CF26C9 /* Resources */ = {
			isa = PBXResourcesBuildPhase;
			buildActionMask = 2147483647;
			files = (
			);
			runOnlyForDeploymentPostprocessing = 0;
		};
		EE5BE1802AFFB5F800CF26C9 /* Resources */ = {
			isa = PBXResourcesBuildPhase;
			buildActionMask = 2147483647;
			files = (
			);
			runOnlyForDeploymentPostprocessing = 0;
		};
/* End PBXResourcesBuildPhase section */

/* Begin PBXSourcesBuildPhase section */
		EE5BE15E2AFFB5F700CF26C9 /* Sources */ = {
			isa = PBXSourcesBuildPhase;
			buildActionMask = 2147483647;
			files = (
				EE5BE16A2AFFB5F700CF26C9 /* ViewController.swift in Sources */,
				EE5BE1662AFFB5F700CF26C9 /* AppDelegate.swift in Sources */,
				EE5BE1682AFFB5F700CF26C9 /* SceneDelegate.swift in Sources */,
			);
			runOnlyForDeploymentPostprocessing = 0;
		};
		EE5BE1742AFFB5F800CF26C9 /* Sources */ = {
			isa = PBXSourcesBuildPhase;
			buildActionMask = 2147483647;
			files = (
				EE5BE17D2AFFB5F800CF26C9 /* Doctor_AppointmentTests.swift in Sources */,
			);
			runOnlyForDeploymentPostprocessing = 0;
		};
		EE5BE17E2AFFB5F800CF26C9 /* Sources */ = {
			isa = PBXSourcesBuildPhase;
			buildActionMask = 2147483647;
			files = (
				EE5BE1872AFFB5F800CF26C9 /* Doctor_AppointmentUITests.swift in Sources */,
				EE5BE1892AFFB5F800CF26C9 /* Doctor_AppointmentUITestsLaunchTests.swift in Sources */,
			);
			runOnlyForDeploymentPostprocessing = 0;
		};
/* End PBXSourcesBuildPhase section */

/* Begin PBXTargetDependency section */
		EE5BE17A2AFFB5F800CF26C9 /* PBXTargetDependency */ = {
			isa = PBXTargetDependency;
			target = EE5BE1612AFFB5F700CF26C9 /* Doctor-Appointment */;
			targetProxy = EE5BE1792AFFB5F800CF26C9 /* PBXContainerItemProxy */;
		};
		EE5BE1842AFFB5F800CF26C9 /* PBXTargetDependency */ = {
			isa = PBXTargetDependency;
			target = EE5BE1612AFFB5F700CF26C9 /* Doctor-Appointment */;
			targetProxy = EE5BE1832AFFB5F800CF26C9 /* PBXContainerItemProxy */;
		};
/* End PBXTargetDependency section */

/* Begin PBXVariantGroup section */
		EE5BE16B2AFFB5F700CF26C9 /* Main.storyboard */ = {
			isa = PBXVariantGroup;
			children = (
				EE5BE16C2AFFB5F700CF26C9 /* Base */,
			);
			name = Main.storyboard;
			sourceTree = "<group>";
		};
		EE5BE1702AFFB5F700CF26C9 /* LaunchScreen.storyboard */ = {
			isa = PBXVariantGroup;
			children = (
				EE5BE1712AFFB5F700CF26C9 /* Base */,
			);
			name = LaunchScreen.storyboard;
			sourceTree = "<group>";
		};
/* End PBXVariantGroup section */

/* Begin XCBuildConfiguration section */
		EE5BE18A2AFFB5F800CF26C9 /* Debug */ = {
			isa = XCBuildConfiguration;
			buildSettings = {
				ALWAYS_SEARCH_USER_PATHS = NO;
				ASSETCATALOG_COMPILER_GENERATE_SWIFT_ASSET_SYMBOL_EXTENSIONS = YES;
				CLANG_ANALYZER_NONNULL = YES;
				CLANG_ANALYZER_NUMBER_OBJECT_CONVERSION = YES_AGGRESSIVE;
				CLANG_CXX_LANGUAGE_STANDARD = "gnu++20";
				CLANG_ENABLE_MODULES = YES;
				CLANG_ENABLE_OBJC_ARC = YES;
				CLANG_ENABLE_OBJC_WEAK = YES;
				CLANG_WARN_BLOCK_CAPTURE_AUTORELEASING = YES;
				CLANG_WARN_BOOL_CONVERSION = YES;
				CLANG_WARN_COMMA = YES;
				CLANG_WARN_CONSTANT_CONVERSION = YES;
				CLANG_WARN_DEPRECATED_OBJC_IMPLEMENTATIONS = YES;
				CLANG_WARN_DIRECT_OBJC_ISA_USAGE = YES_ERROR;
				CLANG_WARN_DOCUMENTATION_COMMENTS = YES;
				CLANG_WARN_EMPTY_BODY = YES;
				CLANG_WARN_ENUM_CONVERSION = YES;
				CLANG_WARN_INFINITE_RECURSION = YES;
				CLANG_WARN_INT_CONVERSION = YES;
				CLANG_WARN_NON_LITERAL_NULL_CONVERSION = YES;
				CLANG_WARN_OBJC_IMPLICIT_RETAIN_SELF = YES;
				CLANG_WARN_OBJC_LITERAL_CONVERSION = YES;
				CLANG_WARN_OBJC_ROOT_CLASS = YES_ERROR;
				CLANG_WARN_QUOTED_INCLUDE_IN_FRAMEWORK_HEADER = YES;
				CLANG_WARN_RANGE_LOOP_ANALYSIS = YES;
				CLANG_WARN_STRICT_PROTOTYPES = YES;
				CLANG_WARN_SUSPICIOUS_MOVE = YES;
				CLANG_WARN_UNGUARDED_AVAILABILITY = YES_AGGRESSIVE;
				CLANG_WARN_UNREACHABLE_CODE = YES;
				CLANG_WARN__DUPLICATE_METHOD_MATCH = YES;
				COPY_PHASE_STRIP = NO;
				DEBUG_INFORMATION_FORMAT = dwarf;
				ENABLE_STRICT_OBJC_MSGSEND = YES;
				ENABLE_TESTABILITY = YES;
				ENABLE_USER_SCRIPT_SANDBOXING = YES;
				GCC_C_LANGUAGE_STANDARD = gnu17;
				GCC_DYNAMIC_NO_PIC = NO;
				GCC_NO_COMMON_BLOCKS = YES;
				GCC_OPTIMIZATION_LEVEL = 0;
				GCC_PREPROCESSOR_DEFINITIONS = (
					"DEBUG=1",
					"$(inherited)",
				);
				GCC_WARN_64_TO_32_BIT_CONVERSION = YES;
				GCC_WARN_ABOUT_RETURN_TYPE = YES_ERROR;
				GCC_WARN_UNDECLARED_SELECTOR = YES;
				GCC_WARN_UNINITIALIZED_AUTOS = YES_AGGRESSIVE;
				GCC_WARN_UNUSED_FUNCTION = YES;
				GCC_WARN_UNUSED_VARIABLE = YES;
				IPHONEOS_DEPLOYMENT_TARGET = 17.0;
				LOCALIZATION_PREFERS_STRING_CATALOGS = YES;
				MTL_ENABLE_DEBUG_INFO = INCLUDE_SOURCE;
				MTL_FAST_MATH = YES;
				ONLY_ACTIVE_ARCH = YES;
				SDKROOT = iphoneos;
				SWIFT_ACTIVE_COMPILATION_CONDITIONS = "DEBUG $(inherited)";
				SWIFT_OPTIMIZATION_LEVEL = "-Onone";
			};
			name = Debug;
		};
		EE5BE18B2AFFB5F800CF26C9 /* Release */ = {
			isa = XCBuildConfiguration;
			buildSettings = {
				ALWAYS_SEARCH_USER_PATHS = NO;
				ASSETCATALOG_COMPILER_GENERATE_SWIFT_ASSET_SYMBOL_EXTENSIONS = YES;
				CLANG_ANALYZER_NONNULL = YES;
				CLANG_ANALYZER_NUMBER_OBJECT_CONVERSION = YES_AGGRESSIVE;
				CLANG_CXX_LANGUAGE_STANDARD = "gnu++20";
				CLANG_ENABLE_MODULES = YES;
				CLANG_ENABLE_OBJC_ARC = YES;
				CLANG_ENABLE_OBJC_WEAK = YES;
				CLANG_WARN_BLOCK_CAPTURE_AUTORELEASING = YES;
				CLANG_WARN_BOOL_CONVERSION = YES;
				CLANG_WARN_COMMA = YES;
				CLANG_WARN_CONSTANT_CONVERSION = YES;
				CLANG_WARN_DEPRECATED_OBJC_IMPLEMENTATIONS = YES;
				CLANG_WARN_DIRECT_OBJC_ISA_USAGE = YES_ERROR;
				CLANG_WARN_DOCUMENTATION_COMMENTS = YES;
				CLANG_WARN_EMPTY_BODY = YES;
				CLANG_WARN_ENUM_CONVERSION = YES;
				CLANG_WARN_INFINITE_RECURSION = YES;
				CLANG_WARN_INT_CONVERSION = YES;
				CLANG_WARN_NON_LITERAL_NULL_CONVERSION = YES;
				CLANG_WARN_OBJC_IMPLICIT_RETAIN_SELF = YES;
				CLANG_WARN_OBJC_LITERAL_CONVERSION = YES;
				CLANG_WARN_OBJC_ROOT_CLASS = YES_ERROR;
				CLANG_WARN_QUOTED_INCLUDE_IN_FRAMEWORK_HEADER = YES;
				CLANG_WARN_RANGE_LOOP_ANALYSIS = YES;
				CLANG_WARN_STRICT_PROTOTYPES = YES;
				CLANG_WARN_SUSPICIOUS_MOVE = YES;
				CLANG_WARN_UNGUARDED_AVAILABILITY = YES_AGGRESSIVE;
				CLANG_WARN_UNREACHABLE_CODE = YES;
				CLANG_WARN__DUPLICATE_METHOD_MATCH = YES;
				COPY_PHASE_STRIP = NO;
				DEBUG_INFORMATION_FORMAT = "dwarf-with-dsym";
				ENABLE_NS_ASSERTIONS = NO;
				ENABLE_STRICT_OBJC_MSGSEND = YES;
				ENABLE_USER_SCRIPT_SANDBOXING = YES;
				GCC_C_LANGUAGE_STANDARD = gnu17;
				GCC_NO_COMMON_BLOCKS = YES;
				GCC_WARN_64_TO_32_BIT_CONVERSION = YES;
				GCC_WARN_ABOUT_RETURN_TYPE = YES_ERROR;
				GCC_WARN_UNDECLARED_SELECTOR = YES;
				GCC_WARN_UNINITIALIZED_AUTOS = YES_AGGRESSIVE;
				GCC_WARN_UNUSED_FUNCTION = YES;
				GCC_WARN_UNUSED_VARIABLE = YES;
				IPHONEOS_DEPLOYMENT_TARGET = 17.0;
				LOCALIZATION_PREFERS_STRING_CATALOGS = YES;
				MTL_ENABLE_DEBUG_INFO = NO;
				MTL_FAST_MATH = YES;
				SDKROOT = iphoneos;
				SWIFT_COMPILATION_MODE = wholemodule;
				VALIDATE_PRODUCT = YES;
			};
			name = Release;
		};
		EE5BE18D2AFFB5F800CF26C9 /* Debug */ = {
			isa = XCBuildConfiguration;
			buildSettings = {
				ASSETCATALOG_COMPILER_APPICON_NAME = AppIcon;
				ASSETCATALOG_COMPILER_GLOBAL_ACCENT_COLOR_NAME = AccentColor;
				CODE_SIGN_STYLE = Automatic;
				CURRENT_PROJECT_VERSION = 1;
				DEVELOPMENT_TEAM = 4U8DMJ33ZN;
				GENERATE_INFOPLIST_FILE = YES;
				INFOPLIST_FILE = "Doctor-Appointment/Info.plist";
				INFOPLIST_KEY_UIApplicationSupportsIndirectInputEvents = YES;
				INFOPLIST_KEY_UILaunchStoryboardName = LaunchScreen;
				INFOPLIST_KEY_UIMainStoryboardFile = Main;
				INFOPLIST_KEY_UISupportedInterfaceOrientations_iPad = "UIInterfaceOrientationPortrait UIInterfaceOrientationPortraitUpsideDown UIInterfaceOrientationLandscapeLeft UIInterfaceOrientationLandscapeRight";
				INFOPLIST_KEY_UISupportedInterfaceOrientations_iPhone = "UIInterfaceOrientationPortrait UIInterfaceOrientationLandscapeLeft UIInterfaceOrientationLandscapeRight";
				LD_RUNPATH_SEARCH_PATHS = (
					"$(inherited)",
					"@executable_path/Frameworks",
				);
				MARKETING_VERSION = 1.0;
				PRODUCT_BUNDLE_IDENTIFIER = "com.yamany.Doctor-Appointment";
				PRODUCT_NAME = "$(TARGET_NAME)";
				SWIFT_EMIT_LOC_STRINGS = YES;
				SWIFT_VERSION = 5.0;
				TARGETED_DEVICE_FAMILY = "1,2";
			};
			name = Debug;
		};
		EE5BE18E2AFFB5F800CF26C9 /* Release */ = {
			isa = XCBuildConfiguration;
			buildSettings = {
				ASSETCATALOG_COMPILER_APPICON_NAME = AppIcon;
				ASSETCATALOG_COMPILER_GLOBAL_ACCENT_COLOR_NAME = AccentColor;
				CODE_SIGN_STYLE = Automatic;
				CURRENT_PROJECT_VERSION = 1;
				DEVELOPMENT_TEAM = 4U8DMJ33ZN;
				GENERATE_INFOPLIST_FILE = YES;
				INFOPLIST_FILE = "Doctor-Appointment/Info.plist";
				INFOPLIST_KEY_UIApplicationSupportsIndirectInputEvents = YES;
				INFOPLIST_KEY_UILaunchStoryboardName = LaunchScreen;
				INFOPLIST_KEY_UIMainStoryboardFile = Main;
				INFOPLIST_KEY_UISupportedInterfaceOrientations_iPad = "UIInterfaceOrientationPortrait UIInterfaceOrientationPortraitUpsideDown UIInterfaceOrientationLandscapeLeft UIInterfaceOrientationLandscapeRight";
				INFOPLIST_KEY_UISupportedInterfaceOrientations_iPhone = "UIInterfaceOrientationPortrait UIInterfaceOrientationLandscapeLeft UIInterfaceOrientationLandscapeRight";
				LD_RUNPATH_SEARCH_PATHS = (
					"$(inherited)",
					"@executable_path/Frameworks",
				);
				MARKETING_VERSION = 1.0;
				PRODUCT_BUNDLE_IDENTIFIER = "com.yamany.Doctor-Appointment";
				PRODUCT_NAME = "$(TARGET_NAME)";
				SWIFT_EMIT_LOC_STRINGS = YES;
				SWIFT_VERSION = 5.0;
				TARGETED_DEVICE_FAMILY = "1,2";
			};
			name = Release;
		};
		EE5BE1902AFFB5F800CF26C9 /* Debug */ = {
			isa = XCBuildConfiguration;
			buildSettings = {
				ALWAYS_EMBED_SWIFT_STANDARD_LIBRARIES = YES;
				BUNDLE_LOADER = "$(TEST_HOST)";
				CODE_SIGN_STYLE = Automatic;
				CURRENT_PROJECT_VERSION = 1;
				DEVELOPMENT_TEAM = 4U8DMJ33ZN;
				GENERATE_INFOPLIST_FILE = YES;
				IPHONEOS_DEPLOYMENT_TARGET = 17.0;
				MARKETING_VERSION = 1.0;
				PRODUCT_BUNDLE_IDENTIFIER = "com.yamany.Doctor-AppointmentTests";
				PRODUCT_NAME = "$(TARGET_NAME)";
				SWIFT_EMIT_LOC_STRINGS = NO;
				SWIFT_VERSION = 5.0;
				TARGETED_DEVICE_FAMILY = "1,2";
				TEST_HOST = "$(BUILT_PRODUCTS_DIR)/Doctor-Appointment.app/$(BUNDLE_EXECUTABLE_FOLDER_PATH)/Doctor-Appointment";
			};
			name = Debug;
		};
		EE5BE1912AFFB5F800CF26C9 /* Release */ = {
			isa = XCBuildConfiguration;
			buildSettings = {
				ALWAYS_EMBED_SWIFT_STANDARD_LIBRARIES = YES;
				BUNDLE_LOADER = "$(TEST_HOST)";
				CODE_SIGN_STYLE = Automatic;
				CURRENT_PROJECT_VERSION = 1;
				DEVELOPMENT_TEAM = 4U8DMJ33ZN;
				GENERATE_INFOPLIST_FILE = YES;
				IPHONEOS_DEPLOYMENT_TARGET = 17.0;
				MARKETING_VERSION = 1.0;
				PRODUCT_BUNDLE_IDENTIFIER = "com.yamany.Doctor-AppointmentTests";
				PRODUCT_NAME = "$(TARGET_NAME)";
				SWIFT_EMIT_LOC_STRINGS = NO;
				SWIFT_VERSION = 5.0;
				TARGETED_DEVICE_FAMILY = "1,2";
				TEST_HOST = "$(BUILT_PRODUCTS_DIR)/Doctor-Appointment.app/$(BUNDLE_EXECUTABLE_FOLDER_PATH)/Doctor-Appointment";
			};
			name = Release;
		};
		EE5BE1932AFFB5F800CF26C9 /* Debug */ = {
			isa = XCBuildConfiguration;
			buildSettings = {
				ALWAYS_EMBED_SWIFT_STANDARD_LIBRARIES = YES;
				CODE_SIGN_STYLE = Automatic;
				CURRENT_PROJECT_VERSION = 1;
				DEVELOPMENT_TEAM = 4U8DMJ33ZN;
				GENERATE_INFOPLIST_FILE = YES;
				MARKETING_VERSION = 1.0;
				PRODUCT_BUNDLE_IDENTIFIER = "com.yamany.Doctor-AppointmentUITests";
				PRODUCT_NAME = "$(TARGET_NAME)";
				SWIFT_EMIT_LOC_STRINGS = NO;
				SWIFT_VERSION = 5.0;
				TARGETED_DEVICE_FAMILY = "1,2";
				TEST_TARGET_NAME = "Doctor-Appointment";
			};
			name = Debug;
		};
		EE5BE1942AFFB5F800CF26C9 /* Release */ = {
			isa = XCBuildConfiguration;
			buildSettings = {
				ALWAYS_EMBED_SWIFT_STANDARD_LIBRARIES = YES;
				CODE_SIGN_STYLE = Automatic;
				CURRENT_PROJECT_VERSION = 1;
				DEVELOPMENT_TEAM = 4U8DMJ33ZN;
				GENERATE_INFOPLIST_FILE = YES;
				MARKETING_VERSION = 1.0;
				PRODUCT_BUNDLE_IDENTIFIER = "com.yamany.Doctor-AppointmentUITests";
				PRODUCT_NAME = "$(TARGET_NAME)";
				SWIFT_EMIT_LOC_STRINGS = NO;
				SWIFT_VERSION = 5.0;
				TARGETED_DEVICE_FAMILY = "1,2";
				TEST_TARGET_NAME = "Doctor-Appointment";
			};
			name = Release;
		};
/* End XCBuildConfiguration section */

/* Begin XCConfigurationList section */
		EE5BE15D2AFFB5F700CF26C9 /* Build configuration list for PBXProject "Doctor-Appointment" */ = {
			isa = XCConfigurationList;
			buildConfigurations = (
				EE5BE18A2AFFB5F800CF26C9 /* Debug */,
				EE5BE18B2AFFB5F800CF26C9 /* Release */,
			);
			defaultConfigurationIsVisible = 0;
			defaultConfigurationName = Release;
		};
		EE5BE18C2AFFB5F800CF26C9 /* Build configuration list for PBXNativeTarget "Doctor-Appointment" */ = {
			isa = XCConfigurationList;
			buildConfigurations = (
				EE5BE18D2AFFB5F800CF26C9 /* Debug */,
				EE5BE18E2AFFB5F800CF26C9 /* Release */,
			);
			defaultConfigurationIsVisible = 0;
			defaultConfigurationName = Release;
		};
		EE5BE18F2AFFB5F800CF26C9 /* Build configuration list for PBXNativeTarget "Doctor-AppointmentTests" */ = {
			isa = XCConfigurationList;
			buildConfigurations = (
				EE5BE1902AFFB5F800CF26C9 /* Debug */,
				EE5BE1912AFFB5F800CF26C9 /* Release */,
			);
			defaultConfigurationIsVisible = 0;
			defaultConfigurationName = Release;
		};
		EE5BE1922AFFB5F800CF26C9 /* Build configuration list for PBXNativeTarget "Doctor-AppointmentUITests" */ = {
			isa = XCConfigurationList;
			buildConfigurations = (
				EE5BE1932AFFB5F800CF26C9 /* Debug */,
				EE5BE1942AFFB5F800CF26C9 /* Release */,
			);
			defaultConfigurationIsVisible = 0;
			defaultConfigurationName = Release;
		};
/* End XCConfigurationList section */
	};
	rootObject = EE5BE15A2AFFB5F700CF26C9 /* Project object */;
}
